// !$*UTF8*$!
{
	archiveVersion = 1;
	classes = {
	};
	objectVersion = 56;
	objects = {

/* Begin PBXBuildFile section */
		210B5C4E2A97527900237515 /* SnapScrollView.swift in Sources */ = {isa = PBXBuildFile; fileRef = 210B5C4D2A97527900237515 /* SnapScrollView.swift */; };
		210B5C502A97781A00237515 /* BadgeBackground.swift in Sources */ = {isa = PBXBuildFile; fileRef = 210B5C4F2A97781A00237515 /* BadgeBackground.swift */; };
		210B5C532A97974000237515 /* RevenueCat in Frameworks */ = {isa = PBXBuildFile; productRef = 210B5C522A97974000237515 /* RevenueCat */; };
		210B5C572A97989800237515 /* OfferingViewModel.swift in Sources */ = {isa = PBXBuildFile; fileRef = 210B5C552A97989700237515 /* OfferingViewModel.swift */; };
		210B5C582A97989800237515 /* PackageViewModel.swift in Sources */ = {isa = PBXBuildFile; fileRef = 210B5C562A97989800237515 /* PackageViewModel.swift */; };
		210B5C5B2A97AF3E00237515 /* StoreKitTestCertificate.cer in Resources */ = {isa = PBXBuildFile; fileRef = 210B5C5A2A97AF3E00237515 /* StoreKitTestCertificate.cer */; };
		210B5C5E2A97C0E400237515 /* SettingsView.swift in Sources */ = {isa = PBXBuildFile; fileRef = 210B5C5D2A97C0E400237515 /* SettingsView.swift */; };
		210B5C612A97DD1500237515 /* PreviewCardView.swift in Sources */ = {isa = PBXBuildFile; fileRef = 210B5C602A97DD1500237515 /* PreviewCardView.swift */; };
		210B5C632A97E00100237515 /* PackageCardView.swift in Sources */ = {isa = PBXBuildFile; fileRef = 210B5C622A97E00100237515 /* PackageCardView.swift */; };
		21303C7E2A98D01B00231EAE /* DropDownFilterView.swift in Sources */ = {isa = PBXBuildFile; fileRef = 21303C7D2A98D01B00231EAE /* DropDownFilterView.swift */; };
		21303C802A98DAC500231EAE /* SwiftUIView.swift in Sources */ = {isa = PBXBuildFile; fileRef = 21303C7F2A98DAC500231EAE /* SwiftUIView.swift */; };
		213BD68D2A93C8C800628FED /* ProfileView.swift in Sources */ = {isa = PBXBuildFile; fileRef = 213BD68C2A93C8C800628FED /* ProfileView.swift */; };
		213BD68F2A93C98000628FED /* ProfileMenuItemView.swift in Sources */ = {isa = PBXBuildFile; fileRef = 213BD68E2A93C98000628FED /* ProfileMenuItemView.swift */; };
		213BD6912A93CB3C00628FED /* MasteredSkillBadgeView.swift in Sources */ = {isa = PBXBuildFile; fileRef = 213BD6902A93CB3C00628FED /* MasteredSkillBadgeView.swift */; };
		213BD6932A94165000628FED /* MasteredBadge.swift in Sources */ = {isa = PBXBuildFile; fileRef = 213BD6922A94165000628FED /* MasteredBadge.swift */; };
		213BD6952A94CE0000628FED /* RegistrationModal.swift in Sources */ = {isa = PBXBuildFile; fileRef = 213BD6942A94CE0000628FED /* RegistrationModal.swift */; };
		213BD6982A94D04200628FED /* MultipleChoiceView.swift in Sources */ = {isa = PBXBuildFile; fileRef = 213BD6972A94D04200628FED /* MultipleChoiceView.swift */; };
		213BD69B2A94E08800628FED /* StageSelectionView.swift in Sources */ = {isa = PBXBuildFile; fileRef = 213BD69A2A94E08800628FED /* StageSelectionView.swift */; };
		213BD69D2A94E3C500628FED /* DogStageDescription.swift in Sources */ = {isa = PBXBuildFile; fileRef = 213BD69C2A94E3C500628FED /* DogStageDescription.swift */; };
		213BD6A02A94F2CB00628FED /* UploadImageView.swift in Sources */ = {isa = PBXBuildFile; fileRef = 213BD69F2A94F2CB00628FED /* UploadImageView.swift */; };
		2144D4252A990D2100D872EF /* ProgressViewStyle+PuppySchool.swift in Sources */ = {isa = PBXBuildFile; fileRef = 2144D4242A990D2100D872EF /* ProgressViewStyle+PuppySchool.swift */; };
		2144D42C2A998CCC00D872EF /* ClickerSound.m4a in Resources */ = {isa = PBXBuildFile; fileRef = 2144D42B2A998CCC00D872EF /* ClickerSound.m4a */; };
		2144D42E2A998ED100D872EF /* click.mp3 in Resources */ = {isa = PBXBuildFile; fileRef = 2144D42D2A998ED100D872EF /* click.mp3 */; };
		2144D4312A999EC000D872EF /* Divider.swift in Sources */ = {isa = PBXBuildFile; fileRef = 2144D4302A999EC000D872EF /* Divider.swift */; };
		21624E532A9634FD00059F28 /* DogStageTips.swift in Sources */ = {isa = PBXBuildFile; fileRef = 21624E522A9634FD00059F28 /* DogStageTips.swift */; };
		21624E562A96A11E00059F28 /* CalendarView.swift in Sources */ = {isa = PBXBuildFile; fileRef = 21624E552A96A11E00059F28 /* CalendarView.swift */; };
		21624E582A96A28D00059F28 /* Array+PuppySchool.swift in Sources */ = {isa = PBXBuildFile; fileRef = 21624E572A96A28D00059F28 /* Array+PuppySchool.swift */; };
		21624E5A2A96AC0A00059F28 /* FilteredLogItem.swift in Sources */ = {isa = PBXBuildFile; fileRef = 21624E592A96AC0A00059F28 /* FilteredLogItem.swift */; };
		2185A0C42A99B3F500B692CB /* TimeSensativeNotification.swift in Sources */ = {isa = PBXBuildFile; fileRef = 2185A0C32A99B3F500B692CB /* TimeSensativeNotification.swift */; };
		2185A0C62A99BF7D00B692CB /* party.json in Resources */ = {isa = PBXBuildFile; fileRef = 2185A0C52A99BF7D00B692CB /* party.json */; };
		2185A0CB2A99C29E00B692CB /* pop.mp3 in Resources */ = {isa = PBXBuildFile; fileRef = 2185A0CA2A99C29E00B692CB /* pop.mp3 */; };
		2185A0CD2A99C51500B692CB /* SoundManager.swift in Sources */ = {isa = PBXBuildFile; fileRef = 2185A0CC2A99C51500B692CB /* SoundManager.swift */; };
		2185A0CF2A99CB3300B692CB /* cheering.mp3 in Resources */ = {isa = PBXBuildFile; fileRef = 2185A0CE2A99CB3200B692CB /* cheering.mp3 */; };
		2185A0D12A99CCB400B692CB /* walking.json in Resources */ = {isa = PBXBuildFile; fileRef = 2185A0D02A99CCB400B692CB /* walking.json */; };
		2185A0D32A99CCC200B692CB /* driving.json in Resources */ = {isa = PBXBuildFile; fileRef = 2185A0D22A99CCC200B692CB /* driving.json */; };
		2185A0D92A9A170E00B692CB /* NotificationPanelView.swift in Sources */ = {isa = PBXBuildFile; fileRef = 2185A0D82A9A170E00B692CB /* NotificationPanelView.swift */; };
		2185A0DC2A9A4A0400B692CB /* AppleSignInService.swift in Sources */ = {isa = PBXBuildFile; fileRef = 2185A0DB2A9A4A0400B692CB /* AppleSignInService.swift */; };
		2185A0DE2A9AB01400B692CB /* TimeSensativeNotificationData.swift in Sources */ = {isa = PBXBuildFile; fileRef = 2185A0DD2A9AB01400B692CB /* TimeSensativeNotificationData.swift */; };
		2185A0E02A9AD1AC00B692CB /* UserNotification.swift in Sources */ = {isa = PBXBuildFile; fileRef = 2185A0DF2A9AD1AC00B692CB /* UserNotification.swift */; };
		2185A0E22A9BC01600B692CB /* NotificationCardView.swift in Sources */ = {isa = PBXBuildFile; fileRef = 2185A0E12A9BC01600B692CB /* NotificationCardView.swift */; };
		2185A0E42A9BD0D800B692CB /* test.swift in Sources */ = {isa = PBXBuildFile; fileRef = 2185A0E32A9BD0D800B692CB /* test.swift */; };
		2185A0E82A9BF1DB00B692CB /* PlayerUIView.swift in Sources */ = {isa = PBXBuildFile; fileRef = 2185A0E62A9BF1DB00B692CB /* PlayerUIView.swift */; };
		2185A0E92A9BF1DB00B692CB /* PlayerView.swift in Sources */ = {isa = PBXBuildFile; fileRef = 2185A0E72A9BF1DB00B692CB /* PlayerView.swift */; };
		2185A0ED2A9BF28100B692CB /* BackgroundVideoView.swift in Sources */ = {isa = PBXBuildFile; fileRef = 2185A0EC2A9BF28100B692CB /* BackgroundVideoView.swift */; };
		219390072AA1268A006EF2A9 /* CustomTabViewIndicator.swift in Sources */ = {isa = PBXBuildFile; fileRef = 219390062AA1268A006EF2A9 /* CustomTabViewIndicator.swift */; };
		219390092AA17CC3006EF2A9 /* CommandData.swift in Sources */ = {isa = PBXBuildFile; fileRef = 219390082AA17CC3006EF2A9 /* CommandData.swift */; };
		219C1E5D2A8FB69D002A62FF /* PuppySchoolApp.swift in Sources */ = {isa = PBXBuildFile; fileRef = 219C1E5C2A8FB69D002A62FF /* PuppySchoolApp.swift */; };
		219C1E5F2A8FB69D002A62FF /* ContentView.swift in Sources */ = {isa = PBXBuildFile; fileRef = 219C1E5E2A8FB69D002A62FF /* ContentView.swift */; };
		219C1E612A8FB69D002A62FF /* Assets.xcassets in Resources */ = {isa = PBXBuildFile; fileRef = 219C1E602A8FB69D002A62FF /* Assets.xcassets */; };
		219C1E642A8FB69D002A62FF /* Preview Assets.xcassets in Resources */ = {isa = PBXBuildFile; fileRef = 219C1E632A8FB69D002A62FF /* Preview Assets.xcassets */; };
		219C1E6E2A8FB69E002A62FF /* PuppySchoolTests.swift in Sources */ = {isa = PBXBuildFile; fileRef = 219C1E6D2A8FB69E002A62FF /* PuppySchoolTests.swift */; };
		219C1E782A8FB69E002A62FF /* PuppySchoolUITests.swift in Sources */ = {isa = PBXBuildFile; fileRef = 219C1E772A8FB69E002A62FF /* PuppySchoolUITests.swift */; };
		219C1E7A2A8FB69E002A62FF /* PuppySchoolUITestsLaunchTests.swift in Sources */ = {isa = PBXBuildFile; fileRef = 219C1E792A8FB69E002A62FF /* PuppySchoolUITestsLaunchTests.swift */; };
		219C1E882A8FB861002A62FF /* AppCoordinator.swift in Sources */ = {isa = PBXBuildFile; fileRef = 219C1E872A8FB861002A62FF /* AppCoordinator.swift */; };
		219C1E8E2A8FB92D002A62FF /* FirebaseService.swift in Sources */ = {isa = PBXBuildFile; fileRef = 219C1E8A2A8FB92D002A62FF /* FirebaseService.swift */; };
		219C1E8F2A8FB92D002A62FF /* NotificationService.swift in Sources */ = {isa = PBXBuildFile; fileRef = 219C1E8B2A8FB92D002A62FF /* NotificationService.swift */; };
		219C1E902A8FB92D002A62FF /* ServiceManager.swift in Sources */ = {isa = PBXBuildFile; fileRef = 219C1E8C2A8FB92D002A62FF /* ServiceManager.swift */; };
		219C1E912A8FB92D002A62FF /* UserService.swift in Sources */ = {isa = PBXBuildFile; fileRef = 219C1E8D2A8FB92D002A62FF /* UserService.swift */; };
		219C1E9B2A8FB9EE002A62FF /* NewUserIntroductionView.swift in Sources */ = {isa = PBXBuildFile; fileRef = 219C1E932A8FB9EE002A62FF /* NewUserIntroductionView.swift */; };
		219C1E9C2A8FB9EE002A62FF /* LoginView.swift in Sources */ = {isa = PBXBuildFile; fileRef = 219C1E942A8FB9EE002A62FF /* LoginView.swift */; };
		219C1E9E2A8FB9EE002A62FF /* IntroView.swift in Sources */ = {isa = PBXBuildFile; fileRef = 219C1E962A8FB9EE002A62FF /* IntroView.swift */; };
		219C1E9F2A8FB9EE002A62FF /* PayWallView.swift in Sources */ = {isa = PBXBuildFile; fileRef = 219C1E972A8FB9EE002A62FF /* PayWallView.swift */; };
		219C1EA02A8FB9EE002A62FF /* HomeView.swift in Sources */ = {isa = PBXBuildFile; fileRef = 219C1E982A8FB9EE002A62FF /* HomeView.swift */; };
		219C1EA12A8FB9EE002A62FF /* RegistrationView.swift in Sources */ = {isa = PBXBuildFile; fileRef = 219C1E992A8FB9EE002A62FF /* RegistrationView.swift */; };
		219C1EA22A8FB9EE002A62FF /* ChangePasswordView.swift in Sources */ = {isa = PBXBuildFile; fileRef = 219C1E9A2A8FB9EE002A62FF /* ChangePasswordView.swift */; };
		219C1EA42A8FBC05002A62FF /* PurchaseService.swift in Sources */ = {isa = PBXBuildFile; fileRef = 219C1EA32A8FBC05002A62FF /* PurchaseService.swift */; };
		219C1EA72A8FBC50002A62FF /* FirebaseAnalytics in Frameworks */ = {isa = PBXBuildFile; productRef = 219C1EA62A8FBC50002A62FF /* FirebaseAnalytics */; };
		219C1EA92A8FBC50002A62FF /* FirebaseAuth in Frameworks */ = {isa = PBXBuildFile; productRef = 219C1EA82A8FBC50002A62FF /* FirebaseAuth */; };
		219C1EAB2A8FBC50002A62FF /* FirebaseCrashlytics in Frameworks */ = {isa = PBXBuildFile; productRef = 219C1EAA2A8FBC50002A62FF /* FirebaseCrashlytics */; };
		219C1EAD2A8FBC50002A62FF /* FirebaseDatabase in Frameworks */ = {isa = PBXBuildFile; productRef = 219C1EAC2A8FBC50002A62FF /* FirebaseDatabase */; };
		219C1EAF2A8FBC50002A62FF /* FirebaseFirestore in Frameworks */ = {isa = PBXBuildFile; productRef = 219C1EAE2A8FBC50002A62FF /* FirebaseFirestore */; };
		219C1EB12A8FBC50002A62FF /* FirebaseInAppMessaging-Beta in Frameworks */ = {isa = PBXBuildFile; productRef = 219C1EB02A8FBC50002A62FF /* FirebaseInAppMessaging-Beta */; };
		219C1EB32A8FBC50002A62FF /* FirebaseRemoteConfig in Frameworks */ = {isa = PBXBuildFile; productRef = 219C1EB22A8FBC50002A62FF /* FirebaseRemoteConfig */; };
		219C1EB52A8FBC50002A62FF /* FirebaseStorage in Frameworks */ = {isa = PBXBuildFile; productRef = 219C1EB42A8FBC50002A62FF /* FirebaseStorage */; };
		219C1EB82A8FBD50002A62FF /* User.swift in Sources */ = {isa = PBXBuildFile; fileRef = 219C1EB72A8FBD50002A62FF /* User.swift */; };
		219C1EBE2A8FBE8B002A62FF /* IconImage.swift in Sources */ = {isa = PBXBuildFile; fileRef = 219C1EBB2A8FBE8B002A62FF /* IconImage.swift */; };
		219C1EC02A8FBE8B002A62FF /* TextFieldWithIcon.swift in Sources */ = {isa = PBXBuildFile; fileRef = 219C1EBD2A8FBE8B002A62FF /* TextFieldWithIcon.swift */; };
		219C1EC32A8FBEC5002A62FF /* ConfirmationButton.swift in Sources */ = {isa = PBXBuildFile; fileRef = 219C1EC12A8FBEC5002A62FF /* ConfirmationButton.swift */; };
		219C1EC42A8FBEC5002A62FF /* CircularProgressBarView.swift in Sources */ = {isa = PBXBuildFile; fileRef = 219C1EC22A8FBEC5002A62FF /* CircularProgressBarView.swift */; };
		219C1EC62A8FBEFE002A62FF /* CardBackground.swift in Sources */ = {isa = PBXBuildFile; fileRef = 219C1EC52A8FBEFE002A62FF /* CardBackground.swift */; };
		219C1EC82A8FBF48002A62FF /* Color+PuppySchool.swift in Sources */ = {isa = PBXBuildFile; fileRef = 219C1EC72A8FBF48002A62FF /* Color+PuppySchool.swift */; };
		219C1ECA2A8FBF85002A62FF /* ProgressBar.swift in Sources */ = {isa = PBXBuildFile; fileRef = 219C1EC92A8FBF85002A62FF /* ProgressBar.swift */; };
		219C1ECF2A8FBFF2002A62FF /* CustomTextField.swift in Sources */ = {isa = PBXBuildFile; fileRef = 219C1ECD2A8FBFF2002A62FF /* CustomTextField.swift */; };
		219C1ED02A8FBFF2002A62FF /* CustomTextEditor.swift in Sources */ = {isa = PBXBuildFile; fileRef = 219C1ECE2A8FBFF2002A62FF /* CustomTextEditor.swift */; };
		219C1ED22A8FC083002A62FF /* Icon.swift in Sources */ = {isa = PBXBuildFile; fileRef = 219C1ED12A8FC083002A62FF /* Icon.swift */; };
		219C1ED62A8FC0E9002A62FF /* Helpers.swift in Sources */ = {isa = PBXBuildFile; fileRef = 219C1ED42A8FC0E9002A62FF /* Helpers.swift */; };
		219C1ED72A8FC0E9002A62FF /* LottieView.swift in Sources */ = {isa = PBXBuildFile; fileRef = 219C1ED52A8FC0E9002A62FF /* LottieView.swift */; };
		219C1EDA2A8FC18D002A62FF /* Lottie in Frameworks */ = {isa = PBXBuildFile; productRef = 219C1ED92A8FC18D002A62FF /* Lottie */; };
		219C1EDD2A8FC28F002A62FF /* CustomTabBarView.swift in Sources */ = {isa = PBXBuildFile; fileRef = 219C1EDC2A8FC28F002A62FF /* CustomTabBarView.swift */; };
		219C1EE02A8FC2D2002A62FF /* CustomModalView.swift in Sources */ = {isa = PBXBuildFile; fileRef = 219C1EDF2A8FC2D2002A62FF /* CustomModalView.swift */; };
		219C1EE32A8FC365002A62FF /* ToastView.swift in Sources */ = {isa = PBXBuildFile; fileRef = 219C1EE22A8FC365002A62FF /* ToastView.swift */; };
		219C1EE52A8FC47F002A62FF /* AboutView.swift in Sources */ = {isa = PBXBuildFile; fileRef = 219C1EE42A8FC47F002A62FF /* AboutView.swift */; };
		219C1EE92A8FC583002A62FF /* CloseButtonView.swift in Sources */ = {isa = PBXBuildFile; fileRef = 219C1EE72A8FC583002A62FF /* CloseButtonView.swift */; };
		219C1EEA2A8FC583002A62FF /* BackButton.swift in Sources */ = {isa = PBXBuildFile; fileRef = 219C1EE82A8FC583002A62FF /* BackButton.swift */; };
		219C1EEC2A8FC63D002A62FF /* SplashLoader.swift in Sources */ = {isa = PBXBuildFile; fileRef = 219C1EEB2A8FC63D002A62FF /* SplashLoader.swift */; };
		219C1EEF2A8FC6E6002A62FF /* TermsAndConditionsView.swift in Sources */ = {isa = PBXBuildFile; fileRef = 219C1EED2A8FC6E6002A62FF /* TermsAndConditionsView.swift */; };
		219C1EF02A8FC6E6002A62FF /* PrivacyPolicyView.swift in Sources */ = {isa = PBXBuildFile; fileRef = 219C1EEE2A8FC6E6002A62FF /* PrivacyPolicyView.swift */; };
		219C1EF92A8FFDB6002A62FF /* CommandCard.swift in Sources */ = {isa = PBXBuildFile; fileRef = 219C1EF82A8FFDB6002A62FF /* CommandCard.swift */; };
		219C1EFC2A90065B002A62FF /* PhaseScroll.swift in Sources */ = {isa = PBXBuildFile; fileRef = 219C1EFB2A90065B002A62FF /* PhaseScroll.swift */; };
		219C1EFE2A901AB2002A62FF /* Command.swift in Sources */ = {isa = PBXBuildFile; fileRef = 219C1EFD2A901AB2002A62FF /* Command.swift */; };
		219C1F002A9047A0002A62FF /* CommandDetailView.swift in Sources */ = {isa = PBXBuildFile; fileRef = 219C1EFF2A9047A0002A62FF /* CommandDetailView.swift */; };
		21E974B52A9CC2C2000035F1 /* BetaService.swift in Sources */ = {isa = PBXBuildFile; fileRef = 21E974B42A9CC2C2000035F1 /* BetaService.swift */; };
		21E974B82A9E5B32000035F1 /* ErrorScreenView.swift in Sources */ = {isa = PBXBuildFile; fileRef = 21E974B72A9E5B32000035F1 /* ErrorScreenView.swift */; };
		21EBE4582A9053C5005BE320 /* DottedLine.swift in Sources */ = {isa = PBXBuildFile; fileRef = 21EBE4572A9053C5005BE320 /* DottedLine.swift */; };
		21EBE45A2A90DD76005BE320 /* UserCommand.swift in Sources */ = {isa = PBXBuildFile; fileRef = 21EBE4592A90DD76005BE320 /* UserCommand.swift */; };
		21EBE45C2A90E0AD005BE320 /* CommandService.swift in Sources */ = {isa = PBXBuildFile; fileRef = 21EBE45B2A90E0AD005BE320 /* CommandService.swift */; };
		21EBE45E2A90E5C9005BE320 /* GoogleService-Info.plist in Resources */ = {isa = PBXBuildFile; fileRef = 21EBE45D2A90E5C9005BE320 /* GoogleService-Info.plist */; };
		21EBE4612A910422005BE320 /* Corners.swift in Sources */ = {isa = PBXBuildFile; fileRef = 21EBE4602A910422005BE320 /* Corners.swift */; };
		21EBE4632A911079005BE320 /* Fixtures.swift in Sources */ = {isa = PBXBuildFile; fileRef = 21EBE4622A911079005BE320 /* Fixtures.swift */; };
		21EBE4652A911D8E005BE320 /* CommandSummaryView.swift in Sources */ = {isa = PBXBuildFile; fileRef = 21EBE4642A911D8E005BE320 /* CommandSummaryView.swift */; };
		21EBE4682A912261005BE320 /* dog.json in Resources */ = {isa = PBXBuildFile; fileRef = 21EBE4672A912261005BE320 /* dog.json */; };
		21EBE46C2A9179F5005BE320 /* LogView.swift in Sources */ = {isa = PBXBuildFile; fileRef = 21EBE46B2A9179F5005BE320 /* LogView.swift */; };
		21EBE46F2A918501005BE320 /* HeaderView.swift in Sources */ = {isa = PBXBuildFile; fileRef = 21EBE46E2A918500005BE320 /* HeaderView.swift */; };
		21EBE4712A918596005BE320 /* LogItem.swift in Sources */ = {isa = PBXBuildFile; fileRef = 21EBE4702A918596005BE320 /* LogItem.swift */; };
		21EBE4742A9256EA005BE320 /* AddLogModal.swift in Sources */ = {isa = PBXBuildFile; fileRef = 21EBE4732A9256EA005BE320 /* AddLogModal.swift */; };
		21EBE4762A925900005BE320 /* LogService.swift in Sources */ = {isa = PBXBuildFile; fileRef = 21EBE4752A925900005BE320 /* LogService.swift */; };
		21EBE4782A925947005BE320 /* PuppyLog.swift in Sources */ = {isa = PBXBuildFile; fileRef = 21EBE4772A925947005BE320 /* PuppyLog.swift */; };
		21EBE47C2A927DEF005BE320 /* Date+PuppySchool.swift in Sources */ = {isa = PBXBuildFile; fileRef = 21EBE47B2A927DEF005BE320 /* Date+PuppySchool.swift */; };
		21EBE47F2A92C355005BE320 /* CheckListView.swift in Sources */ = {isa = PBXBuildFile; fileRef = 21EBE47E2A92C355005BE320 /* CheckListView.swift */; };
		21EBE4812A92C3B4005BE320 /* CheckListItem.swift in Sources */ = {isa = PBXBuildFile; fileRef = 21EBE4802A92C3B4005BE320 /* CheckListItem.swift */; };
		21EBE4832A92C4CC005BE320 /* CheckListService.swift in Sources */ = {isa = PBXBuildFile; fileRef = 21EBE4822A92C4CC005BE320 /* CheckListService.swift */; };
		21EBE4852A92CA8B005BE320 /* CheckListItemView.swift in Sources */ = {isa = PBXBuildFile; fileRef = 21EBE4842A92CA8B005BE320 /* CheckListItemView.swift */; };
		21EBE48B2A92CD86005BE320 /* RemoteImage.swift in Sources */ = {isa = PBXBuildFile; fileRef = 21EBE48A2A92CD86005BE320 /* RemoteImage.swift */; };
/* End PBXBuildFile section */

/* Begin PBXContainerItemProxy section */
		219C1E6A2A8FB69E002A62FF /* PBXContainerItemProxy */ = {
			isa = PBXContainerItemProxy;
			containerPortal = 219C1E512A8FB69D002A62FF /* Project object */;
			proxyType = 1;
			remoteGlobalIDString = 219C1E582A8FB69D002A62FF;
			remoteInfo = PuppySchool;
		};
		219C1E742A8FB69E002A62FF /* PBXContainerItemProxy */ = {
			isa = PBXContainerItemProxy;
			containerPortal = 219C1E512A8FB69D002A62FF /* Project object */;
			proxyType = 1;
			remoteGlobalIDString = 219C1E582A8FB69D002A62FF;
			remoteInfo = PuppySchool;
		};
/* End PBXContainerItemProxy section */

/* Begin PBXFileReference section */
		210B5C4D2A97527900237515 /* SnapScrollView.swift */ = {isa = PBXFileReference; lastKnownFileType = sourcecode.swift; path = SnapScrollView.swift; sourceTree = "<group>"; };
		210B5C4F2A97781A00237515 /* BadgeBackground.swift */ = {isa = PBXFileReference; lastKnownFileType = sourcecode.swift; path = BadgeBackground.swift; sourceTree = "<group>"; };
		210B5C552A97989700237515 /* OfferingViewModel.swift */ = {isa = PBXFileReference; fileEncoding = 4; lastKnownFileType = sourcecode.swift; path = OfferingViewModel.swift; sourceTree = "<group>"; };
		210B5C562A97989800237515 /* PackageViewModel.swift */ = {isa = PBXFileReference; fileEncoding = 4; lastKnownFileType = sourcecode.swift; path = PackageViewModel.swift; sourceTree = "<group>"; };
		210B5C592A97AD7400237515 /* Puppy.storekit */ = {isa = PBXFileReference; lastKnownFileType = text; path = Puppy.storekit; sourceTree = "<group>"; };
		210B5C5A2A97AF3E00237515 /* StoreKitTestCertificate.cer */ = {isa = PBXFileReference; lastKnownFileType = file; path = StoreKitTestCertificate.cer; sourceTree = "<group>"; };
		210B5C5D2A97C0E400237515 /* SettingsView.swift */ = {isa = PBXFileReference; lastKnownFileType = sourcecode.swift; path = SettingsView.swift; sourceTree = "<group>"; };
		210B5C602A97DD1500237515 /* PreviewCardView.swift */ = {isa = PBXFileReference; lastKnownFileType = sourcecode.swift; path = PreviewCardView.swift; sourceTree = "<group>"; };
		210B5C622A97E00100237515 /* PackageCardView.swift */ = {isa = PBXFileReference; lastKnownFileType = sourcecode.swift; path = PackageCardView.swift; sourceTree = "<group>"; };
		21303C7D2A98D01B00231EAE /* DropDownFilterView.swift */ = {isa = PBXFileReference; lastKnownFileType = sourcecode.swift; path = DropDownFilterView.swift; sourceTree = "<group>"; };
		21303C7F2A98DAC500231EAE /* SwiftUIView.swift */ = {isa = PBXFileReference; lastKnownFileType = sourcecode.swift; path = SwiftUIView.swift; sourceTree = "<group>"; };
		213BD68C2A93C8C800628FED /* ProfileView.swift */ = {isa = PBXFileReference; lastKnownFileType = sourcecode.swift; path = ProfileView.swift; sourceTree = "<group>"; };
		213BD68E2A93C98000628FED /* ProfileMenuItemView.swift */ = {isa = PBXFileReference; lastKnownFileType = sourcecode.swift; path = ProfileMenuItemView.swift; sourceTree = "<group>"; };
		213BD6902A93CB3C00628FED /* MasteredSkillBadgeView.swift */ = {isa = PBXFileReference; lastKnownFileType = sourcecode.swift; path = MasteredSkillBadgeView.swift; sourceTree = "<group>"; };
		213BD6922A94165000628FED /* MasteredBadge.swift */ = {isa = PBXFileReference; lastKnownFileType = sourcecode.swift; path = MasteredBadge.swift; sourceTree = "<group>"; };
		213BD6942A94CE0000628FED /* RegistrationModal.swift */ = {isa = PBXFileReference; lastKnownFileType = sourcecode.swift; path = RegistrationModal.swift; sourceTree = "<group>"; };
		213BD6972A94D04200628FED /* MultipleChoiceView.swift */ = {isa = PBXFileReference; lastKnownFileType = sourcecode.swift; path = MultipleChoiceView.swift; sourceTree = "<group>"; };
		213BD69A2A94E08800628FED /* StageSelectionView.swift */ = {isa = PBXFileReference; lastKnownFileType = sourcecode.swift; path = StageSelectionView.swift; sourceTree = "<group>"; };
		213BD69C2A94E3C500628FED /* DogStageDescription.swift */ = {isa = PBXFileReference; lastKnownFileType = sourcecode.swift; path = DogStageDescription.swift; sourceTree = "<group>"; };
		213BD69F2A94F2CB00628FED /* UploadImageView.swift */ = {isa = PBXFileReference; lastKnownFileType = sourcecode.swift; path = UploadImageView.swift; sourceTree = "<group>"; };
		2144D4242A990D2100D872EF /* ProgressViewStyle+PuppySchool.swift */ = {isa = PBXFileReference; lastKnownFileType = sourcecode.swift; path = "ProgressViewStyle+PuppySchool.swift"; sourceTree = "<group>"; };
		2144D42B2A998CCC00D872EF /* ClickerSound.m4a */ = {isa = PBXFileReference; lastKnownFileType = file; path = ClickerSound.m4a; sourceTree = "<group>"; };
		2144D42D2A998ED100D872EF /* click.mp3 */ = {isa = PBXFileReference; lastKnownFileType = audio.mp3; path = click.mp3; sourceTree = "<group>"; };
		2144D42F2A998F6600D872EF /* Info.plist */ = {isa = PBXFileReference; lastKnownFileType = text.plist; path = Info.plist; sourceTree = "<group>"; };
		2144D4302A999EC000D872EF /* Divider.swift */ = {isa = PBXFileReference; lastKnownFileType = sourcecode.swift; path = Divider.swift; sourceTree = "<group>"; };
		21624E522A9634FD00059F28 /* DogStageTips.swift */ = {isa = PBXFileReference; lastKnownFileType = sourcecode.swift; path = DogStageTips.swift; sourceTree = "<group>"; };
		21624E552A96A11E00059F28 /* CalendarView.swift */ = {isa = PBXFileReference; lastKnownFileType = sourcecode.swift; path = CalendarView.swift; sourceTree = "<group>"; };
		21624E572A96A28D00059F28 /* Array+PuppySchool.swift */ = {isa = PBXFileReference; lastKnownFileType = sourcecode.swift; path = "Array+PuppySchool.swift"; sourceTree = "<group>"; };
		21624E592A96AC0A00059F28 /* FilteredLogItem.swift */ = {isa = PBXFileReference; lastKnownFileType = sourcecode.swift; path = FilteredLogItem.swift; sourceTree = "<group>"; };
		2185A0C32A99B3F500B692CB /* TimeSensativeNotification.swift */ = {isa = PBXFileReference; lastKnownFileType = sourcecode.swift; path = TimeSensativeNotification.swift; sourceTree = "<group>"; };
		2185A0C52A99BF7D00B692CB /* party.json */ = {isa = PBXFileReference; fileEncoding = 4; lastKnownFileType = text.json; path = party.json; sourceTree = "<group>"; };
		2185A0CA2A99C29E00B692CB /* pop.mp3 */ = {isa = PBXFileReference; lastKnownFileType = audio.mp3; path = pop.mp3; sourceTree = "<group>"; };
		2185A0CC2A99C51500B692CB /* SoundManager.swift */ = {isa = PBXFileReference; lastKnownFileType = sourcecode.swift; path = SoundManager.swift; sourceTree = "<group>"; };
		2185A0CE2A99CB3200B692CB /* cheering.mp3 */ = {isa = PBXFileReference; lastKnownFileType = audio.mp3; path = cheering.mp3; sourceTree = "<group>"; };
		2185A0D02A99CCB400B692CB /* walking.json */ = {isa = PBXFileReference; fileEncoding = 4; lastKnownFileType = text.json; path = walking.json; sourceTree = "<group>"; };
		2185A0D22A99CCC200B692CB /* driving.json */ = {isa = PBXFileReference; fileEncoding = 4; lastKnownFileType = text.json; path = driving.json; sourceTree = "<group>"; };
		2185A0D42A99CFC800B692CB /* cheer.m4a */ = {isa = PBXFileReference; lastKnownFileType = file; path = cheer.m4a; sourceTree = "<group>"; };
		2185A0D82A9A170E00B692CB /* NotificationPanelView.swift */ = {isa = PBXFileReference; lastKnownFileType = sourcecode.swift; path = NotificationPanelView.swift; sourceTree = "<group>"; };
		2185A0DA2A9A462700B692CB /* PuppySchool.entitlements */ = {isa = PBXFileReference; lastKnownFileType = text.plist.entitlements; path = PuppySchool.entitlements; sourceTree = "<group>"; };
		2185A0DB2A9A4A0400B692CB /* AppleSignInService.swift */ = {isa = PBXFileReference; lastKnownFileType = sourcecode.swift; path = AppleSignInService.swift; sourceTree = "<group>"; };
		2185A0DD2A9AB01400B692CB /* TimeSensativeNotificationData.swift */ = {isa = PBXFileReference; lastKnownFileType = sourcecode.swift; path = TimeSensativeNotificationData.swift; sourceTree = "<group>"; };
		2185A0DF2A9AD1AC00B692CB /* UserNotification.swift */ = {isa = PBXFileReference; lastKnownFileType = sourcecode.swift; path = UserNotification.swift; sourceTree = "<group>"; };
		2185A0E12A9BC01600B692CB /* NotificationCardView.swift */ = {isa = PBXFileReference; lastKnownFileType = sourcecode.swift; path = NotificationCardView.swift; sourceTree = "<group>"; };
		2185A0E32A9BD0D800B692CB /* test.swift */ = {isa = PBXFileReference; lastKnownFileType = sourcecode.swift; path = test.swift; sourceTree = "<group>"; };
		2185A0E62A9BF1DB00B692CB /* PlayerUIView.swift */ = {isa = PBXFileReference; fileEncoding = 4; lastKnownFileType = sourcecode.swift; path = PlayerUIView.swift; sourceTree = "<group>"; };
		2185A0E72A9BF1DB00B692CB /* PlayerView.swift */ = {isa = PBXFileReference; fileEncoding = 4; lastKnownFileType = sourcecode.swift; path = PlayerView.swift; sourceTree = "<group>"; };
		2185A0EC2A9BF28100B692CB /* BackgroundVideoView.swift */ = {isa = PBXFileReference; lastKnownFileType = sourcecode.swift; path = BackgroundVideoView.swift; sourceTree = "<group>"; };
		219390062AA1268A006EF2A9 /* CustomTabViewIndicator.swift */ = {isa = PBXFileReference; lastKnownFileType = sourcecode.swift; path = CustomTabViewIndicator.swift; sourceTree = "<group>"; };
		219390082AA17CC3006EF2A9 /* CommandData.swift */ = {isa = PBXFileReference; lastKnownFileType = sourcecode.swift; path = CommandData.swift; sourceTree = "<group>"; };
		219C1E592A8FB69D002A62FF /* PuppySchool.app */ = {isa = PBXFileReference; explicitFileType = wrapper.application; includeInIndex = 0; path = PuppySchool.app; sourceTree = BUILT_PRODUCTS_DIR; };
		219C1E5C2A8FB69D002A62FF /* PuppySchoolApp.swift */ = {isa = PBXFileReference; lastKnownFileType = sourcecode.swift; path = PuppySchoolApp.swift; sourceTree = "<group>"; };
		219C1E5E2A8FB69D002A62FF /* ContentView.swift */ = {isa = PBXFileReference; lastKnownFileType = sourcecode.swift; path = ContentView.swift; sourceTree = "<group>"; };
		219C1E602A8FB69D002A62FF /* Assets.xcassets */ = {isa = PBXFileReference; lastKnownFileType = folder.assetcatalog; path = Assets.xcassets; sourceTree = "<group>"; };
		219C1E632A8FB69D002A62FF /* Preview Assets.xcassets */ = {isa = PBXFileReference; lastKnownFileType = folder.assetcatalog; path = "Preview Assets.xcassets"; sourceTree = "<group>"; };
		219C1E692A8FB69E002A62FF /* PuppySchoolTests.xctest */ = {isa = PBXFileReference; explicitFileType = wrapper.cfbundle; includeInIndex = 0; path = PuppySchoolTests.xctest; sourceTree = BUILT_PRODUCTS_DIR; };
		219C1E6D2A8FB69E002A62FF /* PuppySchoolTests.swift */ = {isa = PBXFileReference; lastKnownFileType = sourcecode.swift; path = PuppySchoolTests.swift; sourceTree = "<group>"; };
		219C1E732A8FB69E002A62FF /* PuppySchoolUITests.xctest */ = {isa = PBXFileReference; explicitFileType = wrapper.cfbundle; includeInIndex = 0; path = PuppySchoolUITests.xctest; sourceTree = BUILT_PRODUCTS_DIR; };
		219C1E772A8FB69E002A62FF /* PuppySchoolUITests.swift */ = {isa = PBXFileReference; lastKnownFileType = sourcecode.swift; path = PuppySchoolUITests.swift; sourceTree = "<group>"; };
		219C1E792A8FB69E002A62FF /* PuppySchoolUITestsLaunchTests.swift */ = {isa = PBXFileReference; lastKnownFileType = sourcecode.swift; path = PuppySchoolUITestsLaunchTests.swift; sourceTree = "<group>"; };
		219C1E872A8FB861002A62FF /* AppCoordinator.swift */ = {isa = PBXFileReference; lastKnownFileType = sourcecode.swift; path = AppCoordinator.swift; sourceTree = "<group>"; };
		219C1E8A2A8FB92D002A62FF /* FirebaseService.swift */ = {isa = PBXFileReference; fileEncoding = 4; lastKnownFileType = sourcecode.swift; path = FirebaseService.swift; sourceTree = "<group>"; };
		219C1E8B2A8FB92D002A62FF /* NotificationService.swift */ = {isa = PBXFileReference; fileEncoding = 4; lastKnownFileType = sourcecode.swift; path = NotificationService.swift; sourceTree = "<group>"; };
		219C1E8C2A8FB92D002A62FF /* ServiceManager.swift */ = {isa = PBXFileReference; fileEncoding = 4; lastKnownFileType = sourcecode.swift; path = ServiceManager.swift; sourceTree = "<group>"; };
		219C1E8D2A8FB92D002A62FF /* UserService.swift */ = {isa = PBXFileReference; fileEncoding = 4; lastKnownFileType = sourcecode.swift; path = UserService.swift; sourceTree = "<group>"; };
		219C1E932A8FB9EE002A62FF /* NewUserIntroductionView.swift */ = {isa = PBXFileReference; fileEncoding = 4; lastKnownFileType = sourcecode.swift; path = NewUserIntroductionView.swift; sourceTree = "<group>"; };
		219C1E942A8FB9EE002A62FF /* LoginView.swift */ = {isa = PBXFileReference; fileEncoding = 4; lastKnownFileType = sourcecode.swift; path = LoginView.swift; sourceTree = "<group>"; };
		219C1E962A8FB9EE002A62FF /* IntroView.swift */ = {isa = PBXFileReference; fileEncoding = 4; lastKnownFileType = sourcecode.swift; path = IntroView.swift; sourceTree = "<group>"; };
		219C1E972A8FB9EE002A62FF /* PayWallView.swift */ = {isa = PBXFileReference; fileEncoding = 4; lastKnownFileType = sourcecode.swift; path = PayWallView.swift; sourceTree = "<group>"; };
		219C1E982A8FB9EE002A62FF /* HomeView.swift */ = {isa = PBXFileReference; fileEncoding = 4; lastKnownFileType = sourcecode.swift; path = HomeView.swift; sourceTree = "<group>"; };
		219C1E992A8FB9EE002A62FF /* RegistrationView.swift */ = {isa = PBXFileReference; fileEncoding = 4; lastKnownFileType = sourcecode.swift; path = RegistrationView.swift; sourceTree = "<group>"; };
		219C1E9A2A8FB9EE002A62FF /* ChangePasswordView.swift */ = {isa = PBXFileReference; fileEncoding = 4; lastKnownFileType = sourcecode.swift; path = ChangePasswordView.swift; sourceTree = "<group>"; };
		219C1EA32A8FBC05002A62FF /* PurchaseService.swift */ = {isa = PBXFileReference; lastKnownFileType = sourcecode.swift; path = PurchaseService.swift; sourceTree = "<group>"; };
		219C1EB72A8FBD50002A62FF /* User.swift */ = {isa = PBXFileReference; fileEncoding = 4; lastKnownFileType = sourcecode.swift; path = User.swift; sourceTree = "<group>"; };
		219C1EBB2A8FBE8B002A62FF /* IconImage.swift */ = {isa = PBXFileReference; fileEncoding = 4; lastKnownFileType = sourcecode.swift; path = IconImage.swift; sourceTree = "<group>"; };
		219C1EBD2A8FBE8B002A62FF /* TextFieldWithIcon.swift */ = {isa = PBXFileReference; fileEncoding = 4; lastKnownFileType = sourcecode.swift; path = TextFieldWithIcon.swift; sourceTree = "<group>"; };
		219C1EC12A8FBEC5002A62FF /* ConfirmationButton.swift */ = {isa = PBXFileReference; fileEncoding = 4; lastKnownFileType = sourcecode.swift; path = ConfirmationButton.swift; sourceTree = "<group>"; };
		219C1EC22A8FBEC5002A62FF /* CircularProgressBarView.swift */ = {isa = PBXFileReference; fileEncoding = 4; lastKnownFileType = sourcecode.swift; path = CircularProgressBarView.swift; sourceTree = "<group>"; };
		219C1EC52A8FBEFE002A62FF /* CardBackground.swift */ = {isa = PBXFileReference; fileEncoding = 4; lastKnownFileType = sourcecode.swift; path = CardBackground.swift; sourceTree = "<group>"; };
		219C1EC72A8FBF48002A62FF /* Color+PuppySchool.swift */ = {isa = PBXFileReference; fileEncoding = 4; lastKnownFileType = sourcecode.swift; path = "Color+PuppySchool.swift"; sourceTree = "<group>"; };
		219C1EC92A8FBF85002A62FF /* ProgressBar.swift */ = {isa = PBXFileReference; fileEncoding = 4; lastKnownFileType = sourcecode.swift; path = ProgressBar.swift; sourceTree = "<group>"; };
		219C1ECD2A8FBFF2002A62FF /* CustomTextField.swift */ = {isa = PBXFileReference; fileEncoding = 4; lastKnownFileType = sourcecode.swift; path = CustomTextField.swift; sourceTree = "<group>"; };
		219C1ECE2A8FBFF2002A62FF /* CustomTextEditor.swift */ = {isa = PBXFileReference; fileEncoding = 4; lastKnownFileType = sourcecode.swift; path = CustomTextEditor.swift; sourceTree = "<group>"; };
		219C1ED12A8FC083002A62FF /* Icon.swift */ = {isa = PBXFileReference; fileEncoding = 4; lastKnownFileType = sourcecode.swift; path = Icon.swift; sourceTree = "<group>"; };
		219C1ED42A8FC0E9002A62FF /* Helpers.swift */ = {isa = PBXFileReference; fileEncoding = 4; lastKnownFileType = sourcecode.swift; path = Helpers.swift; sourceTree = "<group>"; };
		219C1ED52A8FC0E9002A62FF /* LottieView.swift */ = {isa = PBXFileReference; fileEncoding = 4; lastKnownFileType = sourcecode.swift; path = LottieView.swift; sourceTree = "<group>"; };
		219C1EDC2A8FC28F002A62FF /* CustomTabBarView.swift */ = {isa = PBXFileReference; fileEncoding = 4; lastKnownFileType = sourcecode.swift; path = CustomTabBarView.swift; sourceTree = "<group>"; };
		219C1EDF2A8FC2D2002A62FF /* CustomModalView.swift */ = {isa = PBXFileReference; fileEncoding = 4; lastKnownFileType = sourcecode.swift; path = CustomModalView.swift; sourceTree = "<group>"; };
		219C1EE22A8FC365002A62FF /* ToastView.swift */ = {isa = PBXFileReference; fileEncoding = 4; lastKnownFileType = sourcecode.swift; path = ToastView.swift; sourceTree = "<group>"; };
		219C1EE42A8FC47F002A62FF /* AboutView.swift */ = {isa = PBXFileReference; fileEncoding = 4; lastKnownFileType = sourcecode.swift; path = AboutView.swift; sourceTree = "<group>"; };
		219C1EE72A8FC583002A62FF /* CloseButtonView.swift */ = {isa = PBXFileReference; fileEncoding = 4; lastKnownFileType = sourcecode.swift; path = CloseButtonView.swift; sourceTree = "<group>"; };
		219C1EE82A8FC583002A62FF /* BackButton.swift */ = {isa = PBXFileReference; fileEncoding = 4; lastKnownFileType = sourcecode.swift; path = BackButton.swift; sourceTree = "<group>"; };
		219C1EEB2A8FC63D002A62FF /* SplashLoader.swift */ = {isa = PBXFileReference; fileEncoding = 4; lastKnownFileType = sourcecode.swift; path = SplashLoader.swift; sourceTree = "<group>"; };
		219C1EED2A8FC6E6002A62FF /* TermsAndConditionsView.swift */ = {isa = PBXFileReference; fileEncoding = 4; lastKnownFileType = sourcecode.swift; path = TermsAndConditionsView.swift; sourceTree = "<group>"; };
		219C1EEE2A8FC6E6002A62FF /* PrivacyPolicyView.swift */ = {isa = PBXFileReference; fileEncoding = 4; lastKnownFileType = sourcecode.swift; path = PrivacyPolicyView.swift; sourceTree = "<group>"; };
		219C1EF82A8FFDB6002A62FF /* CommandCard.swift */ = {isa = PBXFileReference; lastKnownFileType = sourcecode.swift; path = CommandCard.swift; sourceTree = "<group>"; };
		219C1EFB2A90065B002A62FF /* PhaseScroll.swift */ = {isa = PBXFileReference; lastKnownFileType = sourcecode.swift; path = PhaseScroll.swift; sourceTree = "<group>"; };
		219C1EFD2A901AB2002A62FF /* Command.swift */ = {isa = PBXFileReference; lastKnownFileType = sourcecode.swift; path = Command.swift; sourceTree = "<group>"; };
		219C1EFF2A9047A0002A62FF /* CommandDetailView.swift */ = {isa = PBXFileReference; lastKnownFileType = sourcecode.swift; path = CommandDetailView.swift; sourceTree = "<group>"; };
		21E974B42A9CC2C2000035F1 /* BetaService.swift */ = {isa = PBXFileReference; lastKnownFileType = sourcecode.swift; path = BetaService.swift; sourceTree = "<group>"; };
		21E974B72A9E5B32000035F1 /* ErrorScreenView.swift */ = {isa = PBXFileReference; lastKnownFileType = sourcecode.swift; path = ErrorScreenView.swift; sourceTree = "<group>"; };
		21EBE4572A9053C5005BE320 /* DottedLine.swift */ = {isa = PBXFileReference; lastKnownFileType = sourcecode.swift; path = DottedLine.swift; sourceTree = "<group>"; };
		21EBE4592A90DD76005BE320 /* UserCommand.swift */ = {isa = PBXFileReference; lastKnownFileType = sourcecode.swift; path = UserCommand.swift; sourceTree = "<group>"; };
		21EBE45B2A90E0AD005BE320 /* CommandService.swift */ = {isa = PBXFileReference; lastKnownFileType = sourcecode.swift; path = CommandService.swift; sourceTree = "<group>"; };
		21EBE45D2A90E5C9005BE320 /* GoogleService-Info.plist */ = {isa = PBXFileReference; fileEncoding = 4; lastKnownFileType = text.plist.xml; path = "GoogleService-Info.plist"; sourceTree = "<group>"; };
		21EBE4602A910422005BE320 /* Corners.swift */ = {isa = PBXFileReference; lastKnownFileType = sourcecode.swift; path = Corners.swift; sourceTree = "<group>"; };
		21EBE4622A911079005BE320 /* Fixtures.swift */ = {isa = PBXFileReference; lastKnownFileType = sourcecode.swift; path = Fixtures.swift; sourceTree = "<group>"; };
		21EBE4642A911D8E005BE320 /* CommandSummaryView.swift */ = {isa = PBXFileReference; lastKnownFileType = sourcecode.swift; path = CommandSummaryView.swift; sourceTree = "<group>"; };
		21EBE4672A912261005BE320 /* dog.json */ = {isa = PBXFileReference; fileEncoding = 4; lastKnownFileType = text.json; path = dog.json; sourceTree = "<group>"; };
		21EBE46B2A9179F5005BE320 /* LogView.swift */ = {isa = PBXFileReference; lastKnownFileType = sourcecode.swift; path = LogView.swift; sourceTree = "<group>"; };
		21EBE46E2A918500005BE320 /* HeaderView.swift */ = {isa = PBXFileReference; lastKnownFileType = sourcecode.swift; path = HeaderView.swift; sourceTree = "<group>"; };
		21EBE4702A918596005BE320 /* LogItem.swift */ = {isa = PBXFileReference; lastKnownFileType = sourcecode.swift; path = LogItem.swift; sourceTree = "<group>"; };
		21EBE4732A9256EA005BE320 /* AddLogModal.swift */ = {isa = PBXFileReference; lastKnownFileType = sourcecode.swift; path = AddLogModal.swift; sourceTree = "<group>"; };
		21EBE4752A925900005BE320 /* LogService.swift */ = {isa = PBXFileReference; lastKnownFileType = sourcecode.swift; path = LogService.swift; sourceTree = "<group>"; };
		21EBE4772A925947005BE320 /* PuppyLog.swift */ = {isa = PBXFileReference; lastKnownFileType = sourcecode.swift; path = PuppyLog.swift; sourceTree = "<group>"; };
		21EBE47B2A927DEF005BE320 /* Date+PuppySchool.swift */ = {isa = PBXFileReference; lastKnownFileType = sourcecode.swift; path = "Date+PuppySchool.swift"; sourceTree = "<group>"; };
		21EBE47E2A92C355005BE320 /* CheckListView.swift */ = {isa = PBXFileReference; lastKnownFileType = sourcecode.swift; path = CheckListView.swift; sourceTree = "<group>"; };
		21EBE4802A92C3B4005BE320 /* CheckListItem.swift */ = {isa = PBXFileReference; lastKnownFileType = sourcecode.swift; path = CheckListItem.swift; sourceTree = "<group>"; };
		21EBE4822A92C4CC005BE320 /* CheckListService.swift */ = {isa = PBXFileReference; lastKnownFileType = sourcecode.swift; path = CheckListService.swift; sourceTree = "<group>"; };
		21EBE4842A92CA8B005BE320 /* CheckListItemView.swift */ = {isa = PBXFileReference; lastKnownFileType = sourcecode.swift; path = CheckListItemView.swift; sourceTree = "<group>"; };
		21EBE48A2A92CD86005BE320 /* RemoteImage.swift */ = {isa = PBXFileReference; lastKnownFileType = sourcecode.swift; path = RemoteImage.swift; sourceTree = "<group>"; };
/* End PBXFileReference section */

/* Begin PBXFrameworksBuildPhase section */
		219C1E562A8FB69D002A62FF /* Frameworks */ = {
			isa = PBXFrameworksBuildPhase;
			buildActionMask = 2147483647;
			files = (
				219C1EAB2A8FBC50002A62FF /* FirebaseCrashlytics in Frameworks */,
				219C1EA72A8FBC50002A62FF /* FirebaseAnalytics in Frameworks */,
				210B5C532A97974000237515 /* RevenueCat in Frameworks */,
				219C1EDA2A8FC18D002A62FF /* Lottie in Frameworks */,
				219C1EAD2A8FBC50002A62FF /* FirebaseDatabase in Frameworks */,
				219C1EB32A8FBC50002A62FF /* FirebaseRemoteConfig in Frameworks */,
				219C1EAF2A8FBC50002A62FF /* FirebaseFirestore in Frameworks */,
				219C1EB52A8FBC50002A62FF /* FirebaseStorage in Frameworks */,
				219C1EA92A8FBC50002A62FF /* FirebaseAuth in Frameworks */,
				219C1EB12A8FBC50002A62FF /* FirebaseInAppMessaging-Beta in Frameworks */,
			);
			runOnlyForDeploymentPostprocessing = 0;
		};
		219C1E662A8FB69E002A62FF /* Frameworks */ = {
			isa = PBXFrameworksBuildPhase;
			buildActionMask = 2147483647;
			files = (
			);
			runOnlyForDeploymentPostprocessing = 0;
		};
		219C1E702A8FB69E002A62FF /* Frameworks */ = {
			isa = PBXFrameworksBuildPhase;
			buildActionMask = 2147483647;
			files = (
			);
			runOnlyForDeploymentPostprocessing = 0;
		};
/* End PBXFrameworksBuildPhase section */

/* Begin PBXGroup section */
		210B5C4C2A97526900237515 /* SnapScrollView */ = {
			isa = PBXGroup;
			children = (
				210B5C4D2A97527900237515 /* SnapScrollView.swift */,
			);
			path = SnapScrollView;
			sourceTree = "<group>";
		};
		210B5C542A9797DF00237515 /* Subscription */ = {
			isa = PBXGroup;
			children = (
				210B5C552A97989700237515 /* OfferingViewModel.swift */,
				210B5C562A97989800237515 /* PackageViewModel.swift */,
				219C1E972A8FB9EE002A62FF /* PayWallView.swift */,
				210B5C602A97DD1500237515 /* PreviewCardView.swift */,
				210B5C622A97E00100237515 /* PackageCardView.swift */,
			);
			path = Subscription;
			sourceTree = "<group>";
		};
		210B5C5C2A97C0D300237515 /* Settings */ = {
			isa = PBXGroup;
			children = (
				210B5C5D2A97C0E400237515 /* SettingsView.swift */,
			);
			path = Settings;
			sourceTree = "<group>";
		};
		213BD68B2A93C8B200628FED /* Profile */ = {
			isa = PBXGroup;
			children = (
				213BD68C2A93C8C800628FED /* ProfileView.swift */,
				213BD68E2A93C98000628FED /* ProfileMenuItemView.swift */,
				213BD6902A93CB3C00628FED /* MasteredSkillBadgeView.swift */,
			);
			path = Profile;
			sourceTree = "<group>";
		};
		213BD6962A94D03400628FED /* MultipleChoice */ = {
			isa = PBXGroup;
			children = (
				213BD6972A94D04200628FED /* MultipleChoiceView.swift */,
			);
			path = MultipleChoice;
			sourceTree = "<group>";
		};
		213BD6992A94E06E00628FED /* RegistrationModal */ = {
			isa = PBXGroup;
			children = (
				213BD6942A94CE0000628FED /* RegistrationModal.swift */,
				213BD69A2A94E08800628FED /* StageSelectionView.swift */,
			);
			path = RegistrationModal;
			sourceTree = "<group>";
		};
		213BD69E2A94F2B900628FED /* UploadImage */ = {
			isa = PBXGroup;
			children = (
				213BD69F2A94F2CB00628FED /* UploadImageView.swift */,
			);
			path = UploadImage;
			sourceTree = "<group>";
		};
		2144D4292A998C9500D872EF /* LottieAnimations */ = {
			isa = PBXGroup;
			children = (
				2185A0D02A99CCB400B692CB /* walking.json */,
				2185A0D22A99CCC200B692CB /* driving.json */,
				2185A0C52A99BF7D00B692CB /* party.json */,
				21EBE4672A912261005BE320 /* dog.json */,
			);
			path = LottieAnimations;
			sourceTree = "<group>";
		};
		2144D42A2A998CA600D872EF /* Sounds */ = {
			isa = PBXGroup;
			children = (
				2144D42B2A998CCC00D872EF /* ClickerSound.m4a */,
			);
			path = Sounds;
			sourceTree = "<group>";
		};
		21624E542A96A11100059F28 /* Calendar */ = {
			isa = PBXGroup;
			children = (
				21624E552A96A11E00059F28 /* CalendarView.swift */,
			);
			path = Calendar;
			sourceTree = "<group>";
		};
		2185A0D52A9A16CD00B692CB /* NotificationPanel */ = {
			isa = PBXGroup;
			children = (
				2185A0D82A9A170E00B692CB /* NotificationPanelView.swift */,
				2185A0E12A9BC01600B692CB /* NotificationCardView.swift */,
				2185A0E32A9BD0D800B692CB /* test.swift */,
			);
			path = NotificationPanel;
			sourceTree = "<group>";
		};
		2185A0E52A9BF19E00B692CB /* VideoPlayer */ = {
			isa = PBXGroup;
			children = (
				2185A0E62A9BF1DB00B692CB /* PlayerUIView.swift */,
				2185A0E72A9BF1DB00B692CB /* PlayerView.swift */,
				2185A0EC2A9BF28100B692CB /* BackgroundVideoView.swift */,
			);
			path = VideoPlayer;
			sourceTree = "<group>";
		};
		219390052AA12663006EF2A9 /* CustomTabViewIndicator */ = {
			isa = PBXGroup;
			children = (
				219390062AA1268A006EF2A9 /* CustomTabViewIndicator.swift */,
			);
			path = CustomTabViewIndicator;
			sourceTree = "<group>";
		};
		219C1E502A8FB69D002A62FF = {
			isa = PBXGroup;
			children = (
				219C1E5B2A8FB69D002A62FF /* PuppySchool */,
				219C1E6C2A8FB69E002A62FF /* PuppySchoolTests */,
				219C1E762A8FB69E002A62FF /* PuppySchoolUITests */,
				219C1E5A2A8FB69D002A62FF /* Products */,
			);
			sourceTree = "<group>";
		};
		219C1E5A2A8FB69D002A62FF /* Products */ = {
			isa = PBXGroup;
			children = (
				219C1E592A8FB69D002A62FF /* PuppySchool.app */,
				219C1E692A8FB69E002A62FF /* PuppySchoolTests.xctest */,
				219C1E732A8FB69E002A62FF /* PuppySchoolUITests.xctest */,
			);
			name = Products;
			sourceTree = "<group>";
		};
		219C1E5B2A8FB69D002A62FF /* PuppySchool */ = {
			isa = PBXGroup;
			children = (
				2185A0DA2A9A462700B692CB /* PuppySchool.entitlements */,
				2144D42F2A998F6600D872EF /* Info.plist */,
				21EBE4662A912251005BE320 /* Resources */,
				21EBE45D2A90E5C9005BE320 /* GoogleService-Info.plist */,
				219C1ED32A8FC0B5002A62FF /* Helpers */,
				219C1EB62A8FBC81002A62FF /* Models */,
				219C1E892A8FB8EE002A62FF /* Services */,
				219C1E862A8FB6C7002A62FF /* View */,
				219C1E5C2A8FB69D002A62FF /* PuppySchoolApp.swift */,
				219C1E872A8FB861002A62FF /* AppCoordinator.swift */,
				219C1E5E2A8FB69D002A62FF /* ContentView.swift */,
				219C1E602A8FB69D002A62FF /* Assets.xcassets */,
				219C1E622A8FB69D002A62FF /* Preview Content */,
				210B5C592A97AD7400237515 /* Puppy.storekit */,
				210B5C5A2A97AF3E00237515 /* StoreKitTestCertificate.cer */,
			);
			path = PuppySchool;
			sourceTree = "<group>";
		};
		219C1E622A8FB69D002A62FF /* Preview Content */ = {
			isa = PBXGroup;
			children = (
				219C1E632A8FB69D002A62FF /* Preview Assets.xcassets */,
			);
			path = "Preview Content";
			sourceTree = "<group>";
		};
		219C1E6C2A8FB69E002A62FF /* PuppySchoolTests */ = {
			isa = PBXGroup;
			children = (
				219C1E6D2A8FB69E002A62FF /* PuppySchoolTests.swift */,
			);
			path = PuppySchoolTests;
			sourceTree = "<group>";
		};
		219C1E762A8FB69E002A62FF /* PuppySchoolUITests */ = {
			isa = PBXGroup;
			children = (
				219C1E772A8FB69E002A62FF /* PuppySchoolUITests.swift */,
				219C1E792A8FB69E002A62FF /* PuppySchoolUITestsLaunchTests.swift */,
			);
			path = PuppySchoolUITests;
			sourceTree = "<group>";
		};
		219C1E862A8FB6C7002A62FF /* View */ = {
			isa = PBXGroup;
			children = (
				219C1EB92A8FBE2C002A62FF /* Components */,
				219C1E922A8FB984002A62FF /* Screens */,
			);
			path = View;
			sourceTree = "<group>";
		};
		219C1E892A8FB8EE002A62FF /* Services */ = {
			isa = PBXGroup;
			children = (
				219C1E8A2A8FB92D002A62FF /* FirebaseService.swift */,
				219C1E8B2A8FB92D002A62FF /* NotificationService.swift */,
				219C1E8C2A8FB92D002A62FF /* ServiceManager.swift */,
				219C1E8D2A8FB92D002A62FF /* UserService.swift */,
				219C1EA32A8FBC05002A62FF /* PurchaseService.swift */,
				21EBE45B2A90E0AD005BE320 /* CommandService.swift */,
				21EBE4752A925900005BE320 /* LogService.swift */,
				21EBE4822A92C4CC005BE320 /* CheckListService.swift */,
				2185A0CC2A99C51500B692CB /* SoundManager.swift */,
				2185A0DB2A9A4A0400B692CB /* AppleSignInService.swift */,
				21E974B42A9CC2C2000035F1 /* BetaService.swift */,
			);
			path = Services;
			sourceTree = "<group>";
		};
		219C1E922A8FB984002A62FF /* Screens */ = {
			isa = PBXGroup;
			children = (
				21E974B62A9E5B1D000035F1 /* ErrorScreen */,
				2185A0D52A9A16CD00B692CB /* NotificationPanel */,
				210B5C5C2A97C0D300237515 /* Settings */,
				210B5C542A9797DF00237515 /* Subscription */,
				213BD68B2A93C8B200628FED /* Profile */,
				21EBE47D2A92C344005BE320 /* Checklist */,
				21EBE4722A9256CB005BE320 /* Modals */,
				21EBE46A2A9179AE005BE320 /* Home */,
				21EBE4692A9179A0005BE320 /* Logs */,
				21EBE45F2A90E67D005BE320 /* LoginScreens */,
				219C1EEE2A8FC6E6002A62FF /* PrivacyPolicyView.swift */,
				219C1EED2A8FC6E6002A62FF /* TermsAndConditionsView.swift */,
				219C1EEB2A8FC63D002A62FF /* SplashLoader.swift */,
				219C1EE42A8FC47F002A62FF /* AboutView.swift */,
				219C1E9A2A8FB9EE002A62FF /* ChangePasswordView.swift */,
				219C1E932A8FB9EE002A62FF /* NewUserIntroductionView.swift */,
				219C1E992A8FB9EE002A62FF /* RegistrationView.swift */,
			);
			path = Screens;
			sourceTree = "<group>";
		};
		219C1EB62A8FBC81002A62FF /* Models */ = {
			isa = PBXGroup;
			children = (
				219C1EB72A8FBD50002A62FF /* User.swift */,
				219C1EFD2A901AB2002A62FF /* Command.swift */,
				21EBE4592A90DD76005BE320 /* UserCommand.swift */,
				21EBE4772A925947005BE320 /* PuppyLog.swift */,
				21EBE4802A92C3B4005BE320 /* CheckListItem.swift */,
				213BD6922A94165000628FED /* MasteredBadge.swift */,
				213BD69C2A94E3C500628FED /* DogStageDescription.swift */,
				21624E522A9634FD00059F28 /* DogStageTips.swift */,
				2185A0C32A99B3F500B692CB /* TimeSensativeNotification.swift */,
				2185A0DF2A9AD1AC00B692CB /* UserNotification.swift */,
			);
			path = Models;
			sourceTree = "<group>";
		};
		219C1EB92A8FBE2C002A62FF /* Components */ = {
			isa = PBXGroup;
			children = (
				219C1ECB2A8FBFCF002A62FF /* Molecules */,
				219C1EBA2A8FBE39002A62FF /* Atoms */,
			);
			path = Components;
			sourceTree = "<group>";
		};
		219C1EBA2A8FBE39002A62FF /* Atoms */ = {
			isa = PBXGroup;
			children = (
				219C1ED12A8FC083002A62FF /* Icon.swift */,
				219C1EC92A8FBF85002A62FF /* ProgressBar.swift */,
				219C1EC72A8FBF48002A62FF /* Color+PuppySchool.swift */,
				219C1EC52A8FBEFE002A62FF /* CardBackground.swift */,
				219C1EC22A8FBEC5002A62FF /* CircularProgressBarView.swift */,
				219C1EC12A8FBEC5002A62FF /* ConfirmationButton.swift */,
				219C1EBB2A8FBE8B002A62FF /* IconImage.swift */,
				219C1EBD2A8FBE8B002A62FF /* TextFieldWithIcon.swift */,
				21EBE4572A9053C5005BE320 /* DottedLine.swift */,
				210B5C4F2A97781A00237515 /* BadgeBackground.swift */,
				2144D4302A999EC000D872EF /* Divider.swift */,
			);
			path = Atoms;
			sourceTree = "<group>";
		};
		219C1ECB2A8FBFCF002A62FF /* Molecules */ = {
			isa = PBXGroup;
			children = (
				219390052AA12663006EF2A9 /* CustomTabViewIndicator */,
				2185A0E52A9BF19E00B692CB /* VideoPlayer */,
				210B5C4C2A97526900237515 /* SnapScrollView */,
				21624E542A96A11100059F28 /* Calendar */,
				213BD69E2A94F2B900628FED /* UploadImage */,
				213BD6962A94D03400628FED /* MultipleChoice */,
				21EBE4892A92CD77005BE320 /* RemoteImage */,
				21EBE46D2A9184F0005BE320 /* HeaderView */,
				219C1EFA2A90063F002A62FF /* PhaseScroll */,
				219C1EE62A8FC56D002A62FF /* NavButtons */,
				219C1EE12A8FC31A002A62FF /* ToastView */,
				219C1EDE2A8FC2BB002A62FF /* CustomModalView */,
				219C1EDB2A8FC262002A62FF /* CustomTabBar */,
				219C1ECC2A8FBFDB002A62FF /* TextView */,
			);
			path = Molecules;
			sourceTree = "<group>";
		};
		219C1ECC2A8FBFDB002A62FF /* TextView */ = {
			isa = PBXGroup;
			children = (
				219C1ECE2A8FBFF2002A62FF /* CustomTextEditor.swift */,
				219C1ECD2A8FBFF2002A62FF /* CustomTextField.swift */,
			);
			path = TextView;
			sourceTree = "<group>";
		};
		219C1ED32A8FC0B5002A62FF /* Helpers */ = {
			isa = PBXGroup;
			children = (
				219C1ED42A8FC0E9002A62FF /* Helpers.swift */,
				219C1ED52A8FC0E9002A62FF /* LottieView.swift */,
				21EBE4602A910422005BE320 /* Corners.swift */,
				21EBE4622A911079005BE320 /* Fixtures.swift */,
				21EBE47B2A927DEF005BE320 /* Date+PuppySchool.swift */,
				2185A0DD2A9AB01400B692CB /* TimeSensativeNotificationData.swift */,
				21624E572A96A28D00059F28 /* Array+PuppySchool.swift */,
				2144D4242A990D2100D872EF /* ProgressViewStyle+PuppySchool.swift */,
				219390082AA17CC3006EF2A9 /* CommandData.swift */,
			);
			path = Helpers;
			sourceTree = "<group>";
		};
		219C1EDB2A8FC262002A62FF /* CustomTabBar */ = {
			isa = PBXGroup;
			children = (
				219C1EDC2A8FC28F002A62FF /* CustomTabBarView.swift */,
			);
			path = CustomTabBar;
			sourceTree = "<group>";
		};
		219C1EDE2A8FC2BB002A62FF /* CustomModalView */ = {
			isa = PBXGroup;
			children = (
				219C1EDF2A8FC2D2002A62FF /* CustomModalView.swift */,
			);
			path = CustomModalView;
			sourceTree = "<group>";
		};
		219C1EE12A8FC31A002A62FF /* ToastView */ = {
			isa = PBXGroup;
			children = (
				219C1EE22A8FC365002A62FF /* ToastView.swift */,
			);
			path = ToastView;
			sourceTree = "<group>";
		};
		219C1EE62A8FC56D002A62FF /* NavButtons */ = {
			isa = PBXGroup;
			children = (
				219C1EE82A8FC583002A62FF /* BackButton.swift */,
				219C1EE72A8FC583002A62FF /* CloseButtonView.swift */,
			);
			path = NavButtons;
			sourceTree = "<group>";
		};
		219C1EF72A8FFD56002A62FF /* CommandCard */ = {
			isa = PBXGroup;
			children = (
				219C1EF82A8FFDB6002A62FF /* CommandCard.swift */,
			);
			path = CommandCard;
			sourceTree = "<group>";
		};
		219C1EFA2A90063F002A62FF /* PhaseScroll */ = {
			isa = PBXGroup;
			children = (
				219C1EFB2A90065B002A62FF /* PhaseScroll.swift */,
			);
			path = PhaseScroll;
			sourceTree = "<group>";
		};
		21E974B62A9E5B1D000035F1 /* ErrorScreen */ = {
			isa = PBXGroup;
			children = (
				21E974B72A9E5B32000035F1 /* ErrorScreenView.swift */,
			);
			path = ErrorScreen;
			sourceTree = "<group>";
		};
		21EBE45F2A90E67D005BE320 /* LoginScreens */ = {
			isa = PBXGroup;
			children = (
				219C1E942A8FB9EE002A62FF /* LoginView.swift */,
				219C1E962A8FB9EE002A62FF /* IntroView.swift */,
			);
			path = LoginScreens;
			sourceTree = "<group>";
		};
		21EBE4662A912251005BE320 /* Resources */ = {
			isa = PBXGroup;
			children = (
				2185A0CA2A99C29E00B692CB /* pop.mp3 */,
				2144D42D2A998ED100D872EF /* click.mp3 */,
				2185A0D42A99CFC800B692CB /* cheer.m4a */,
				2185A0CE2A99CB3200B692CB /* cheering.mp3 */,
				2144D42A2A998CA600D872EF /* Sounds */,
				2144D4292A998C9500D872EF /* LottieAnimations */,
			);
			path = Resources;
			sourceTree = "<group>";
		};
		21EBE4692A9179A0005BE320 /* Logs */ = {
			isa = PBXGroup;
			children = (
				21EBE46B2A9179F5005BE320 /* LogView.swift */,
				21EBE4702A918596005BE320 /* LogItem.swift */,
				21624E592A96AC0A00059F28 /* FilteredLogItem.swift */,
			);
			path = Logs;
			sourceTree = "<group>";
		};
		21EBE46A2A9179AE005BE320 /* Home */ = {
			isa = PBXGroup;
			children = (
				219C1EF72A8FFD56002A62FF /* CommandCard */,
				219C1E982A8FB9EE002A62FF /* HomeView.swift */,
				219C1EFF2A9047A0002A62FF /* CommandDetailView.swift */,
				21EBE4642A911D8E005BE320 /* CommandSummaryView.swift */,
				21303C7D2A98D01B00231EAE /* DropDownFilterView.swift */,
				21303C7F2A98DAC500231EAE /* SwiftUIView.swift */,
			);
			path = Home;
			sourceTree = "<group>";
		};
		21EBE46D2A9184F0005BE320 /* HeaderView */ = {
			isa = PBXGroup;
			children = (
				21EBE46E2A918500005BE320 /* HeaderView.swift */,
			);
			path = HeaderView;
			sourceTree = "<group>";
		};
		21EBE4722A9256CB005BE320 /* Modals */ = {
			isa = PBXGroup;
			children = (
				213BD6992A94E06E00628FED /* RegistrationModal */,
				21EBE4732A9256EA005BE320 /* AddLogModal.swift */,
			);
			path = Modals;
			sourceTree = "<group>";
		};
		21EBE47D2A92C344005BE320 /* Checklist */ = {
			isa = PBXGroup;
			children = (
				21EBE47E2A92C355005BE320 /* CheckListView.swift */,
				21EBE4842A92CA8B005BE320 /* CheckListItemView.swift */,
			);
			path = Checklist;
			sourceTree = "<group>";
		};
		21EBE4892A92CD77005BE320 /* RemoteImage */ = {
			isa = PBXGroup;
			children = (
				21EBE48A2A92CD86005BE320 /* RemoteImage.swift */,
			);
			path = RemoteImage;
			sourceTree = "<group>";
		};
/* End PBXGroup section */

/* Begin PBXNativeTarget section */
		219C1E582A8FB69D002A62FF /* PuppySchool */ = {
			isa = PBXNativeTarget;
			buildConfigurationList = 219C1E7D2A8FB69E002A62FF /* Build configuration list for PBXNativeTarget "PuppySchool" */;
			buildPhases = (
				219C1E552A8FB69D002A62FF /* Sources */,
				219C1E562A8FB69D002A62FF /* Frameworks */,
				219C1E572A8FB69D002A62FF /* Resources */,
			);
			buildRules = (
			);
			dependencies = (
			);
			name = PuppySchool;
			packageProductDependencies = (
				219C1EA62A8FBC50002A62FF /* FirebaseAnalytics */,
				219C1EA82A8FBC50002A62FF /* FirebaseAuth */,
				219C1EAA2A8FBC50002A62FF /* FirebaseCrashlytics */,
				219C1EAC2A8FBC50002A62FF /* FirebaseDatabase */,
				219C1EAE2A8FBC50002A62FF /* FirebaseFirestore */,
				219C1EB02A8FBC50002A62FF /* FirebaseInAppMessaging-Beta */,
				219C1EB22A8FBC50002A62FF /* FirebaseRemoteConfig */,
				219C1EB42A8FBC50002A62FF /* FirebaseStorage */,
				219C1ED92A8FC18D002A62FF /* Lottie */,
				210B5C522A97974000237515 /* RevenueCat */,
			);
			productName = PuppySchool;
			productReference = 219C1E592A8FB69D002A62FF /* PuppySchool.app */;
			productType = "com.apple.product-type.application";
		};
		219C1E682A8FB69E002A62FF /* PuppySchoolTests */ = {
			isa = PBXNativeTarget;
			buildConfigurationList = 219C1E802A8FB69E002A62FF /* Build configuration list for PBXNativeTarget "PuppySchoolTests" */;
			buildPhases = (
				219C1E652A8FB69E002A62FF /* Sources */,
				219C1E662A8FB69E002A62FF /* Frameworks */,
				219C1E672A8FB69E002A62FF /* Resources */,
			);
			buildRules = (
			);
			dependencies = (
				219C1E6B2A8FB69E002A62FF /* PBXTargetDependency */,
			);
			name = PuppySchoolTests;
			productName = PuppySchoolTests;
			productReference = 219C1E692A8FB69E002A62FF /* PuppySchoolTests.xctest */;
			productType = "com.apple.product-type.bundle.unit-test";
		};
		219C1E722A8FB69E002A62FF /* PuppySchoolUITests */ = {
			isa = PBXNativeTarget;
			buildConfigurationList = 219C1E832A8FB69E002A62FF /* Build configuration list for PBXNativeTarget "PuppySchoolUITests" */;
			buildPhases = (
				219C1E6F2A8FB69E002A62FF /* Sources */,
				219C1E702A8FB69E002A62FF /* Frameworks */,
				219C1E712A8FB69E002A62FF /* Resources */,
			);
			buildRules = (
			);
			dependencies = (
				219C1E752A8FB69E002A62FF /* PBXTargetDependency */,
			);
			name = PuppySchoolUITests;
			productName = PuppySchoolUITests;
			productReference = 219C1E732A8FB69E002A62FF /* PuppySchoolUITests.xctest */;
			productType = "com.apple.product-type.bundle.ui-testing";
		};
/* End PBXNativeTarget section */

/* Begin PBXProject section */
		219C1E512A8FB69D002A62FF /* Project object */ = {
			isa = PBXProject;
			attributes = {
				BuildIndependentTargetsInParallel = 1;
				LastSwiftUpdateCheck = 1430;
				LastUpgradeCheck = 1430;
				TargetAttributes = {
					219C1E582A8FB69D002A62FF = {
						CreatedOnToolsVersion = 14.3.1;
					};
					219C1E682A8FB69E002A62FF = {
						CreatedOnToolsVersion = 14.3.1;
						TestTargetID = 219C1E582A8FB69D002A62FF;
					};
					219C1E722A8FB69E002A62FF = {
						CreatedOnToolsVersion = 14.3.1;
						TestTargetID = 219C1E582A8FB69D002A62FF;
					};
				};
			};
			buildConfigurationList = 219C1E542A8FB69D002A62FF /* Build configuration list for PBXProject "PuppySchool" */;
			compatibilityVersion = "Xcode 14.0";
			developmentRegion = en;
			hasScannedForEncodings = 0;
			knownRegions = (
				en,
				Base,
			);
			mainGroup = 219C1E502A8FB69D002A62FF;
			packageReferences = (
				219C1EA52A8FBC50002A62FF /* XCRemoteSwiftPackageReference "firebase-ios-sdk" */,
				219C1ED82A8FC18D002A62FF /* XCRemoteSwiftPackageReference "lottie-ios" */,
				210B5C512A97974000237515 /* XCRemoteSwiftPackageReference "purchases-ios" */,
			);
			productRefGroup = 219C1E5A2A8FB69D002A62FF /* Products */;
			projectDirPath = "";
			projectRoot = "";
			targets = (
				219C1E582A8FB69D002A62FF /* PuppySchool */,
				219C1E682A8FB69E002A62FF /* PuppySchoolTests */,
				219C1E722A8FB69E002A62FF /* PuppySchoolUITests */,
			);
		};
/* End PBXProject section */

/* Begin PBXResourcesBuildPhase section */
		219C1E572A8FB69D002A62FF /* Resources */ = {
			isa = PBXResourcesBuildPhase;
			buildActionMask = 2147483647;
			files = (
				2144D42E2A998ED100D872EF /* click.mp3 in Resources */,
				210B5C5B2A97AF3E00237515 /* StoreKitTestCertificate.cer in Resources */,
				2185A0D32A99CCC200B692CB /* driving.json in Resources */,
				2185A0C62A99BF7D00B692CB /* party.json in Resources */,
				2185A0CF2A99CB3300B692CB /* cheering.mp3 in Resources */,
				2185A0CB2A99C29E00B692CB /* pop.mp3 in Resources */,
				219C1E642A8FB69D002A62FF /* Preview Assets.xcassets in Resources */,
				2185A0D12A99CCB400B692CB /* walking.json in Resources */,
				21EBE45E2A90E5C9005BE320 /* GoogleService-Info.plist in Resources */,
				21EBE4682A912261005BE320 /* dog.json in Resources */,
				2144D42C2A998CCC00D872EF /* ClickerSound.m4a in Resources */,
				219C1E612A8FB69D002A62FF /* Assets.xcassets in Resources */,
			);
			runOnlyForDeploymentPostprocessing = 0;
		};
		219C1E672A8FB69E002A62FF /* Resources */ = {
			isa = PBXResourcesBuildPhase;
			buildActionMask = 2147483647;
			files = (
			);
			runOnlyForDeploymentPostprocessing = 0;
		};
		219C1E712A8FB69E002A62FF /* Resources */ = {
			isa = PBXResourcesBuildPhase;
			buildActionMask = 2147483647;
			files = (
			);
			runOnlyForDeploymentPostprocessing = 0;
		};
/* End PBXResourcesBuildPhase section */

/* Begin PBXSourcesBuildPhase section */
		219C1E552A8FB69D002A62FF /* Sources */ = {
			isa = PBXSourcesBuildPhase;
			buildActionMask = 2147483647;
			files = (
				219C1EEF2A8FC6E6002A62FF /* TermsAndConditionsView.swift in Sources */,
				219C1ECF2A8FBFF2002A62FF /* CustomTextField.swift in Sources */,
				2144D4312A999EC000D872EF /* Divider.swift in Sources */,
				21EBE4712A918596005BE320 /* LogItem.swift in Sources */,
				213BD68F2A93C98000628FED /* ProfileMenuItemView.swift in Sources */,
				21EBE4612A910422005BE320 /* Corners.swift in Sources */,
				2185A0DE2A9AB01400B692CB /* TimeSensativeNotificationData.swift in Sources */,
				219390092AA17CC3006EF2A9 /* CommandData.swift in Sources */,
				210B5C502A97781A00237515 /* BadgeBackground.swift in Sources */,
				21EBE4632A911079005BE320 /* Fixtures.swift in Sources */,
				21EBE45A2A90DD76005BE320 /* UserCommand.swift in Sources */,
				219C1E912A8FB92D002A62FF /* UserService.swift in Sources */,
				210B5C5E2A97C0E400237515 /* SettingsView.swift in Sources */,
				21EBE4782A925947005BE320 /* PuppyLog.swift in Sources */,
				219C1EE52A8FC47F002A62FF /* AboutView.swift in Sources */,
				219C1ED22A8FC083002A62FF /* Icon.swift in Sources */,
				219C1F002A9047A0002A62FF /* CommandDetailView.swift in Sources */,
				219C1E882A8FB861002A62FF /* AppCoordinator.swift in Sources */,
				210B5C632A97E00100237515 /* PackageCardView.swift in Sources */,
				21EBE45C2A90E0AD005BE320 /* CommandService.swift in Sources */,
				21EBE47C2A927DEF005BE320 /* Date+PuppySchool.swift in Sources */,
				219C1EC82A8FBF48002A62FF /* Color+PuppySchool.swift in Sources */,
				2185A0C42A99B3F500B692CB /* TimeSensativeNotification.swift in Sources */,
				219C1EA02A8FB9EE002A62FF /* HomeView.swift in Sources */,
				213BD69D2A94E3C500628FED /* DogStageDescription.swift in Sources */,
				219C1EA12A8FB9EE002A62FF /* RegistrationView.swift in Sources */,
				213BD68D2A93C8C800628FED /* ProfileView.swift in Sources */,
				21EBE48B2A92CD86005BE320 /* RemoteImage.swift in Sources */,
				21EBE4582A9053C5005BE320 /* DottedLine.swift in Sources */,
				219C1EF02A8FC6E6002A62FF /* PrivacyPolicyView.swift in Sources */,
				21EBE47F2A92C355005BE320 /* CheckListView.swift in Sources */,
				213BD6912A93CB3C00628FED /* MasteredSkillBadgeView.swift in Sources */,
				2185A0CD2A99C51500B692CB /* SoundManager.swift in Sources */,
				2185A0E42A9BD0D800B692CB /* test.swift in Sources */,
				213BD6A02A94F2CB00628FED /* UploadImageView.swift in Sources */,
				213BD6952A94CE0000628FED /* RegistrationModal.swift in Sources */,
				21E974B52A9CC2C2000035F1 /* BetaService.swift in Sources */,
				213BD6982A94D04200628FED /* MultipleChoiceView.swift in Sources */,
				2185A0ED2A9BF28100B692CB /* BackgroundVideoView.swift in Sources */,
				219C1EC32A8FBEC5002A62FF /* ConfirmationButton.swift in Sources */,
				21EBE4742A9256EA005BE320 /* AddLogModal.swift in Sources */,
				219C1ED62A8FC0E9002A62FF /* Helpers.swift in Sources */,
				219C1EF92A8FFDB6002A62FF /* CommandCard.swift in Sources */,
				219C1E5F2A8FB69D002A62FF /* ContentView.swift in Sources */,
				2185A0DC2A9A4A0400B692CB /* AppleSignInService.swift in Sources */,
				2185A0E02A9AD1AC00B692CB /* UserNotification.swift in Sources */,
				219C1EBE2A8FBE8B002A62FF /* IconImage.swift in Sources */,
				219C1EC42A8FBEC5002A62FF /* CircularProgressBarView.swift in Sources */,
				210B5C612A97DD1500237515 /* PreviewCardView.swift in Sources */,
				219C1E9C2A8FB9EE002A62FF /* LoginView.swift in Sources */,
				219C1EFC2A90065B002A62FF /* PhaseScroll.swift in Sources */,
				219C1EDD2A8FC28F002A62FF /* CustomTabBarView.swift in Sources */,
				219C1EB82A8FBD50002A62FF /* User.swift in Sources */,
				21624E532A9634FD00059F28 /* DogStageTips.swift in Sources */,
				21E974B82A9E5B32000035F1 /* ErrorScreenView.swift in Sources */,
				219C1EA22A8FB9EE002A62FF /* ChangePasswordView.swift in Sources */,
				219C1ED72A8FC0E9002A62FF /* LottieView.swift in Sources */,
				219C1EE02A8FC2D2002A62FF /* CustomModalView.swift in Sources */,
				210B5C4E2A97527900237515 /* SnapScrollView.swift in Sources */,
				21EBE4652A911D8E005BE320 /* CommandSummaryView.swift in Sources */,
				2185A0E22A9BC01600B692CB /* NotificationCardView.swift in Sources */,
				219C1E9B2A8FB9EE002A62FF /* NewUserIntroductionView.swift in Sources */,
				2144D4252A990D2100D872EF /* ProgressViewStyle+PuppySchool.swift in Sources */,
				219C1E8E2A8FB92D002A62FF /* FirebaseService.swift in Sources */,
				2185A0D92A9A170E00B692CB /* NotificationPanelView.swift in Sources */,
				219C1E9F2A8FB9EE002A62FF /* PayWallView.swift in Sources */,
				219C1E8F2A8FB92D002A62FF /* NotificationService.swift in Sources */,
				21624E5A2A96AC0A00059F28 /* FilteredLogItem.swift in Sources */,
				21624E562A96A11E00059F28 /* CalendarView.swift in Sources */,
				219C1EA42A8FBC05002A62FF /* PurchaseService.swift in Sources */,
				213BD69B2A94E08800628FED /* StageSelectionView.swift in Sources */,
				219C1EE92A8FC583002A62FF /* CloseButtonView.swift in Sources */,
				219C1EC02A8FBE8B002A62FF /* TextFieldWithIcon.swift in Sources */,
				219C1ED02A8FBFF2002A62FF /* CustomTextEditor.swift in Sources */,
				21303C7E2A98D01B00231EAE /* DropDownFilterView.swift in Sources */,
				219390072AA1268A006EF2A9 /* CustomTabViewIndicator.swift in Sources */,
				219C1EFE2A901AB2002A62FF /* Command.swift in Sources */,
				213BD6932A94165000628FED /* MasteredBadge.swift in Sources */,
				210B5C572A97989800237515 /* OfferingViewModel.swift in Sources */,
				219C1E5D2A8FB69D002A62FF /* PuppySchoolApp.swift in Sources */,
				21EBE4762A925900005BE320 /* LogService.swift in Sources */,
				219C1EE32A8FC365002A62FF /* ToastView.swift in Sources */,
				21303C802A98DAC500231EAE /* SwiftUIView.swift in Sources */,
				219C1E9E2A8FB9EE002A62FF /* IntroView.swift in Sources */,
				219C1EEA2A8FC583002A62FF /* BackButton.swift in Sources */,
				21EBE4832A92C4CC005BE320 /* CheckListService.swift in Sources */,
				21EBE4812A92C3B4005BE320 /* CheckListItem.swift in Sources */,
				210B5C582A97989800237515 /* PackageViewModel.swift in Sources */,
				21EBE46C2A9179F5005BE320 /* LogView.swift in Sources */,
				219C1EEC2A8FC63D002A62FF /* SplashLoader.swift in Sources */,
				219C1EC62A8FBEFE002A62FF /* CardBackground.swift in Sources */,
				219C1ECA2A8FBF85002A62FF /* ProgressBar.swift in Sources */,
				2185A0E82A9BF1DB00B692CB /* PlayerUIView.swift in Sources */,
				21624E582A96A28D00059F28 /* Array+PuppySchool.swift in Sources */,
				219C1E902A8FB92D002A62FF /* ServiceManager.swift in Sources */,
				21EBE4852A92CA8B005BE320 /* CheckListItemView.swift in Sources */,
				2185A0E92A9BF1DB00B692CB /* PlayerView.swift in Sources */,
				21EBE46F2A918501005BE320 /* HeaderView.swift in Sources */,
			);
			runOnlyForDeploymentPostprocessing = 0;
		};
		219C1E652A8FB69E002A62FF /* Sources */ = {
			isa = PBXSourcesBuildPhase;
			buildActionMask = 2147483647;
			files = (
				219C1E6E2A8FB69E002A62FF /* PuppySchoolTests.swift in Sources */,
			);
			runOnlyForDeploymentPostprocessing = 0;
		};
		219C1E6F2A8FB69E002A62FF /* Sources */ = {
			isa = PBXSourcesBuildPhase;
			buildActionMask = 2147483647;
			files = (
				219C1E782A8FB69E002A62FF /* PuppySchoolUITests.swift in Sources */,
				219C1E7A2A8FB69E002A62FF /* PuppySchoolUITestsLaunchTests.swift in Sources */,
			);
			runOnlyForDeploymentPostprocessing = 0;
		};
/* End PBXSourcesBuildPhase section */

/* Begin PBXTargetDependency section */
		219C1E6B2A8FB69E002A62FF /* PBXTargetDependency */ = {
			isa = PBXTargetDependency;
			target = 219C1E582A8FB69D002A62FF /* PuppySchool */;
			targetProxy = 219C1E6A2A8FB69E002A62FF /* PBXContainerItemProxy */;
		};
		219C1E752A8FB69E002A62FF /* PBXTargetDependency */ = {
			isa = PBXTargetDependency;
			target = 219C1E582A8FB69D002A62FF /* PuppySchool */;
			targetProxy = 219C1E742A8FB69E002A62FF /* PBXContainerItemProxy */;
		};
/* End PBXTargetDependency section */

/* Begin XCBuildConfiguration section */
		219C1E7B2A8FB69E002A62FF /* Debug */ = {
			isa = XCBuildConfiguration;
			buildSettings = {
				ALWAYS_SEARCH_USER_PATHS = NO;
				CLANG_ANALYZER_NONNULL = YES;
				CLANG_ANALYZER_NUMBER_OBJECT_CONVERSION = YES_AGGRESSIVE;
				CLANG_CXX_LANGUAGE_STANDARD = "gnu++20";
				CLANG_ENABLE_MODULES = YES;
				CLANG_ENABLE_OBJC_ARC = YES;
				CLANG_ENABLE_OBJC_WEAK = YES;
				CLANG_WARN_BLOCK_CAPTURE_AUTORELEASING = YES;
				CLANG_WARN_BOOL_CONVERSION = YES;
				CLANG_WARN_COMMA = YES;
				CLANG_WARN_CONSTANT_CONVERSION = YES;
				CLANG_WARN_DEPRECATED_OBJC_IMPLEMENTATIONS = YES;
				CLANG_WARN_DIRECT_OBJC_ISA_USAGE = YES_ERROR;
				CLANG_WARN_DOCUMENTATION_COMMENTS = YES;
				CLANG_WARN_EMPTY_BODY = YES;
				CLANG_WARN_ENUM_CONVERSION = YES;
				CLANG_WARN_INFINITE_RECURSION = YES;
				CLANG_WARN_INT_CONVERSION = YES;
				CLANG_WARN_NON_LITERAL_NULL_CONVERSION = YES;
				CLANG_WARN_OBJC_IMPLICIT_RETAIN_SELF = YES;
				CLANG_WARN_OBJC_LITERAL_CONVERSION = YES;
				CLANG_WARN_OBJC_ROOT_CLASS = YES_ERROR;
				CLANG_WARN_QUOTED_INCLUDE_IN_FRAMEWORK_HEADER = YES;
				CLANG_WARN_RANGE_LOOP_ANALYSIS = YES;
				CLANG_WARN_STRICT_PROTOTYPES = YES;
				CLANG_WARN_SUSPICIOUS_MOVE = YES;
				CLANG_WARN_UNGUARDED_AVAILABILITY = YES_AGGRESSIVE;
				CLANG_WARN_UNREACHABLE_CODE = YES;
				CLANG_WARN__DUPLICATE_METHOD_MATCH = YES;
				COPY_PHASE_STRIP = NO;
				DEBUG_INFORMATION_FORMAT = dwarf;
				ENABLE_STRICT_OBJC_MSGSEND = YES;
				ENABLE_TESTABILITY = YES;
				GCC_C_LANGUAGE_STANDARD = gnu11;
				GCC_DYNAMIC_NO_PIC = NO;
				GCC_NO_COMMON_BLOCKS = YES;
				GCC_OPTIMIZATION_LEVEL = 0;
				GCC_PREPROCESSOR_DEFINITIONS = (
					"DEBUG=1",
					"$(inherited)",
				);
				GCC_WARN_64_TO_32_BIT_CONVERSION = YES;
				GCC_WARN_ABOUT_RETURN_TYPE = YES_ERROR;
				GCC_WARN_UNDECLARED_SELECTOR = YES;
				GCC_WARN_UNINITIALIZED_AUTOS = YES_AGGRESSIVE;
				GCC_WARN_UNUSED_FUNCTION = YES;
				GCC_WARN_UNUSED_VARIABLE = YES;
				IPHONEOS_DEPLOYMENT_TARGET = 16.4;
				MTL_ENABLE_DEBUG_INFO = INCLUDE_SOURCE;
				MTL_FAST_MATH = YES;
				ONLY_ACTIVE_ARCH = YES;
				SDKROOT = iphoneos;
				SWIFT_ACTIVE_COMPILATION_CONDITIONS = DEBUG;
				SWIFT_OPTIMIZATION_LEVEL = "-Onone";
			};
			name = Debug;
		};
		219C1E7C2A8FB69E002A62FF /* Release */ = {
			isa = XCBuildConfiguration;
			buildSettings = {
				ALWAYS_SEARCH_USER_PATHS = NO;
				CLANG_ANALYZER_NONNULL = YES;
				CLANG_ANALYZER_NUMBER_OBJECT_CONVERSION = YES_AGGRESSIVE;
				CLANG_CXX_LANGUAGE_STANDARD = "gnu++20";
				CLANG_ENABLE_MODULES = YES;
				CLANG_ENABLE_OBJC_ARC = YES;
				CLANG_ENABLE_OBJC_WEAK = YES;
				CLANG_WARN_BLOCK_CAPTURE_AUTORELEASING = YES;
				CLANG_WARN_BOOL_CONVERSION = YES;
				CLANG_WARN_COMMA = YES;
				CLANG_WARN_CONSTANT_CONVERSION = YES;
				CLANG_WARN_DEPRECATED_OBJC_IMPLEMENTATIONS = YES;
				CLANG_WARN_DIRECT_OBJC_ISA_USAGE = YES_ERROR;
				CLANG_WARN_DOCUMENTATION_COMMENTS = YES;
				CLANG_WARN_EMPTY_BODY = YES;
				CLANG_WARN_ENUM_CONVERSION = YES;
				CLANG_WARN_INFINITE_RECURSION = YES;
				CLANG_WARN_INT_CONVERSION = YES;
				CLANG_WARN_NON_LITERAL_NULL_CONVERSION = YES;
				CLANG_WARN_OBJC_IMPLICIT_RETAIN_SELF = YES;
				CLANG_WARN_OBJC_LITERAL_CONVERSION = YES;
				CLANG_WARN_OBJC_ROOT_CLASS = YES_ERROR;
				CLANG_WARN_QUOTED_INCLUDE_IN_FRAMEWORK_HEADER = YES;
				CLANG_WARN_RANGE_LOOP_ANALYSIS = YES;
				CLANG_WARN_STRICT_PROTOTYPES = YES;
				CLANG_WARN_SUSPICIOUS_MOVE = YES;
				CLANG_WARN_UNGUARDED_AVAILABILITY = YES_AGGRESSIVE;
				CLANG_WARN_UNREACHABLE_CODE = YES;
				CLANG_WARN__DUPLICATE_METHOD_MATCH = YES;
				COPY_PHASE_STRIP = NO;
				DEBUG_INFORMATION_FORMAT = "dwarf-with-dsym";
				ENABLE_NS_ASSERTIONS = NO;
				ENABLE_STRICT_OBJC_MSGSEND = YES;
				GCC_C_LANGUAGE_STANDARD = gnu11;
				GCC_NO_COMMON_BLOCKS = YES;
				GCC_WARN_64_TO_32_BIT_CONVERSION = YES;
				GCC_WARN_ABOUT_RETURN_TYPE = YES_ERROR;
				GCC_WARN_UNDECLARED_SELECTOR = YES;
				GCC_WARN_UNINITIALIZED_AUTOS = YES_AGGRESSIVE;
				GCC_WARN_UNUSED_FUNCTION = YES;
				GCC_WARN_UNUSED_VARIABLE = YES;
				IPHONEOS_DEPLOYMENT_TARGET = 16.4;
				MTL_ENABLE_DEBUG_INFO = NO;
				MTL_FAST_MATH = YES;
				SDKROOT = iphoneos;
				SWIFT_COMPILATION_MODE = wholemodule;
				SWIFT_OPTIMIZATION_LEVEL = "-O";
				VALIDATE_PRODUCT = YES;
			};
			name = Release;
		};
		219C1E7E2A8FB69E002A62FF /* Debug */ = {
			isa = XCBuildConfiguration;
			buildSettings = {
				ASSETCATALOG_COMPILER_APPICON_NAME = AppIcon;
				ASSETCATALOG_COMPILER_GLOBAL_ACCENT_COLOR_NAME = AccentColor;
				CODE_SIGN_ENTITLEMENTS = PuppySchool/PuppySchool.entitlements;
				CODE_SIGN_STYLE = Automatic;
				CURRENT_PROJECT_VERSION = 1;
				DEVELOPMENT_ASSET_PATHS = "\"PuppySchool/Preview Content\"";
				DEVELOPMENT_TEAM = ZG887P86D5;
				ENABLE_PREVIEWS = YES;
				GENERATE_INFOPLIST_FILE = YES;
				INFOPLIST_FILE = PuppySchool/Info.plist;
				INFOPLIST_KEY_NSUserTrackingUsageDescription = "We will be tracking usage to improve features, perofrmance, and overall experience";
				INFOPLIST_KEY_UIApplicationSceneManifest_Generation = YES;
				INFOPLIST_KEY_UIApplicationSupportsIndirectInputEvents = YES;
				INFOPLIST_KEY_UILaunchScreen_Generation = YES;
				INFOPLIST_KEY_UIRequiredDeviceCapabilities = armv7;
				INFOPLIST_KEY_UISupportedInterfaceOrientations = UIInterfaceOrientationPortrait;
				INFOPLIST_KEY_UIUserInterfaceStyle = Light;
				IPHONEOS_DEPLOYMENT_TARGET = 16.0;
				LD_RUNPATH_SEARCH_PATHS = (
					"$(inherited)",
					"@executable_path/Frameworks",
				);
				MARKETING_VERSION = 1.0;
				PRODUCT_BUNDLE_IDENTIFIER = Tremaine.PuppySchool;
				PRODUCT_NAME = "$(TARGET_NAME)";
				SUPPORTED_PLATFORMS = "iphoneos iphonesimulator";
				SUPPORTS_MACCATALYST = NO;
				SUPPORTS_MAC_DESIGNED_FOR_IPHONE_IPAD = NO;
				SWIFT_EMIT_LOC_STRINGS = YES;
				SWIFT_VERSION = 5.0;
				TARGETED_DEVICE_FAMILY = 1;
			};
			name = Debug;
		};
		219C1E7F2A8FB69E002A62FF /* Release */ = {
			isa = XCBuildConfiguration;
			buildSettings = {
				ASSETCATALOG_COMPILER_APPICON_NAME = AppIcon;
				ASSETCATALOG_COMPILER_GLOBAL_ACCENT_COLOR_NAME = AccentColor;
				CODE_SIGN_ENTITLEMENTS = PuppySchool/PuppySchool.entitlements;
				CODE_SIGN_STYLE = Automatic;
				CURRENT_PROJECT_VERSION = 1;
				DEVELOPMENT_ASSET_PATHS = "\"PuppySchool/Preview Content\"";
				DEVELOPMENT_TEAM = ZG887P86D5;
				ENABLE_PREVIEWS = YES;
				GENERATE_INFOPLIST_FILE = YES;
				INFOPLIST_FILE = PuppySchool/Info.plist;
				INFOPLIST_KEY_NSUserTrackingUsageDescription = "We will be tracking usage to improve features, perofrmance, and overall experience";
				INFOPLIST_KEY_UIApplicationSceneManifest_Generation = YES;
				INFOPLIST_KEY_UIApplicationSupportsIndirectInputEvents = YES;
				INFOPLIST_KEY_UILaunchScreen_Generation = YES;
				INFOPLIST_KEY_UIRequiredDeviceCapabilities = armv7;
				INFOPLIST_KEY_UISupportedInterfaceOrientations = UIInterfaceOrientationPortrait;
				INFOPLIST_KEY_UIUserInterfaceStyle = Light;
				IPHONEOS_DEPLOYMENT_TARGET = 16.0;
				LD_RUNPATH_SEARCH_PATHS = (
					"$(inherited)",
					"@executable_path/Frameworks",
				);
				MARKETING_VERSION = 1.0;
				PRODUCT_BUNDLE_IDENTIFIER = Tremaine.PuppySchool;
				PRODUCT_NAME = "$(TARGET_NAME)";
				SUPPORTED_PLATFORMS = "iphoneos iphonesimulator";
				SUPPORTS_MACCATALYST = NO;
				SUPPORTS_MAC_DESIGNED_FOR_IPHONE_IPAD = NO;
				SWIFT_EMIT_LOC_STRINGS = YES;
				SWIFT_VERSION = 5.0;
				TARGETED_DEVICE_FAMILY = 1;
			};
			name = Release;
		};
		219C1E812A8FB69E002A62FF /* Debug */ = {
			isa = XCBuildConfiguration;
			buildSettings = {
				ALWAYS_EMBED_SWIFT_STANDARD_LIBRARIES = YES;
				BUNDLE_LOADER = "$(TEST_HOST)";
				CODE_SIGN_STYLE = Automatic;
				CURRENT_PROJECT_VERSION = 1;
				DEVELOPMENT_TEAM = ZG887P86D5;
				GENERATE_INFOPLIST_FILE = YES;
				IPHONEOS_DEPLOYMENT_TARGET = 16.4;
				MARKETING_VERSION = 1.0;
				PRODUCT_BUNDLE_IDENTIFIER = Tremaine.PuppySchoolTests;
				PRODUCT_NAME = "$(TARGET_NAME)";
				SWIFT_EMIT_LOC_STRINGS = NO;
				SWIFT_VERSION = 5.0;
				TARGETED_DEVICE_FAMILY = "1,2";
				TEST_HOST = "$(BUILT_PRODUCTS_DIR)/PuppySchool.app/$(BUNDLE_EXECUTABLE_FOLDER_PATH)/PuppySchool";
			};
			name = Debug;
		};
		219C1E822A8FB69E002A62FF /* Release */ = {
			isa = XCBuildConfiguration;
			buildSettings = {
				ALWAYS_EMBED_SWIFT_STANDARD_LIBRARIES = YES;
				BUNDLE_LOADER = "$(TEST_HOST)";
				CODE_SIGN_STYLE = Automatic;
				CURRENT_PROJECT_VERSION = 1;
				DEVELOPMENT_TEAM = ZG887P86D5;
				GENERATE_INFOPLIST_FILE = YES;
				IPHONEOS_DEPLOYMENT_TARGET = 16.4;
				MARKETING_VERSION = 1.0;
				PRODUCT_BUNDLE_IDENTIFIER = Tremaine.PuppySchoolTests;
				PRODUCT_NAME = "$(TARGET_NAME)";
				SWIFT_EMIT_LOC_STRINGS = NO;
				SWIFT_VERSION = 5.0;
				TARGETED_DEVICE_FAMILY = "1,2";
				TEST_HOST = "$(BUILT_PRODUCTS_DIR)/PuppySchool.app/$(BUNDLE_EXECUTABLE_FOLDER_PATH)/PuppySchool";
			};
			name = Release;
		};
		219C1E842A8FB69E002A62FF /* Debug */ = {
			isa = XCBuildConfiguration;
			buildSettings = {
				ALWAYS_EMBED_SWIFT_STANDARD_LIBRARIES = YES;
				CODE_SIGN_STYLE = Automatic;
				CURRENT_PROJECT_VERSION = 1;
				DEVELOPMENT_TEAM = ZG887P86D5;
				GENERATE_INFOPLIST_FILE = YES;
				MARKETING_VERSION = 1.0;
				PRODUCT_BUNDLE_IDENTIFIER = Tremaine.PuppySchoolUITests;
				PRODUCT_NAME = "$(TARGET_NAME)";
				SWIFT_EMIT_LOC_STRINGS = NO;
				SWIFT_VERSION = 5.0;
				TARGETED_DEVICE_FAMILY = "1,2";
				TEST_TARGET_NAME = PuppySchool;
			};
			name = Debug;
		};
		219C1E852A8FB69E002A62FF /* Release */ = {
			isa = XCBuildConfiguration;
			buildSettings = {
				ALWAYS_EMBED_SWIFT_STANDARD_LIBRARIES = YES;
				CODE_SIGN_STYLE = Automatic;
				CURRENT_PROJECT_VERSION = 1;
				DEVELOPMENT_TEAM = ZG887P86D5;
				GENERATE_INFOPLIST_FILE = YES;
				MARKETING_VERSION = 1.0;
				PRODUCT_BUNDLE_IDENTIFIER = Tremaine.PuppySchoolUITests;
				PRODUCT_NAME = "$(TARGET_NAME)";
				SWIFT_EMIT_LOC_STRINGS = NO;
				SWIFT_VERSION = 5.0;
				TARGETED_DEVICE_FAMILY = "1,2";
				TEST_TARGET_NAME = PuppySchool;
			};
			name = Release;
		};
/* End XCBuildConfiguration section */

/* Begin XCConfigurationList section */
		219C1E542A8FB69D002A62FF /* Build configuration list for PBXProject "PuppySchool" */ = {
			isa = XCConfigurationList;
			buildConfigurations = (
				219C1E7B2A8FB69E002A62FF /* Debug */,
				219C1E7C2A8FB69E002A62FF /* Release */,
			);
			defaultConfigurationIsVisible = 0;
			defaultConfigurationName = Release;
		};
		219C1E7D2A8FB69E002A62FF /* Build configuration list for PBXNativeTarget "PuppySchool" */ = {
			isa = XCConfigurationList;
			buildConfigurations = (
				219C1E7E2A8FB69E002A62FF /* Debug */,
				219C1E7F2A8FB69E002A62FF /* Release */,
			);
			defaultConfigurationIsVisible = 0;
			defaultConfigurationName = Release;
		};
		219C1E802A8FB69E002A62FF /* Build configuration list for PBXNativeTarget "PuppySchoolTests" */ = {
			isa = XCConfigurationList;
			buildConfigurations = (
				219C1E812A8FB69E002A62FF /* Debug */,
				219C1E822A8FB69E002A62FF /* Release */,
			);
			defaultConfigurationIsVisible = 0;
			defaultConfigurationName = Release;
		};
		219C1E832A8FB69E002A62FF /* Build configuration list for PBXNativeTarget "PuppySchoolUITests" */ = {
			isa = XCConfigurationList;
			buildConfigurations = (
				219C1E842A8FB69E002A62FF /* Debug */,
				219C1E852A8FB69E002A62FF /* Release */,
			);
			defaultConfigurationIsVisible = 0;
			defaultConfigurationName = Release;
		};
/* End XCConfigurationList section */

/* Begin XCRemoteSwiftPackageReference section */
		210B5C512A97974000237515 /* XCRemoteSwiftPackageReference "purchases-ios" */ = {
			isa = XCRemoteSwiftPackageReference;
			repositoryURL = "https://github.com/RevenueCat/purchases-ios";
			requirement = {
				kind = upToNextMajorVersion;
				minimumVersion = 4.0.0;
			};
		};
		219C1EA52A8FBC50002A62FF /* XCRemoteSwiftPackageReference "firebase-ios-sdk" */ = {
			isa = XCRemoteSwiftPackageReference;
			repositoryURL = "https://github.com/firebase/firebase-ios-sdk.git";
			requirement = {
				kind = upToNextMajorVersion;
				minimumVersion = 10.0.0;
			};
		};
		219C1ED82A8FC18D002A62FF /* XCRemoteSwiftPackageReference "lottie-ios" */ = {
			isa = XCRemoteSwiftPackageReference;
			repositoryURL = "https://github.com/airbnb/lottie-ios";
			requirement = {
				kind = upToNextMajorVersion;
				minimumVersion = 4.0.0;
			};
		};
/* End XCRemoteSwiftPackageReference section */

/* Begin XCSwiftPackageProductDependency section */
		210B5C522A97974000237515 /* RevenueCat */ = {
			isa = XCSwiftPackageProductDependency;
			package = 210B5C512A97974000237515 /* XCRemoteSwiftPackageReference "purchases-ios" */;
			productName = RevenueCat;
		};
		219C1EA62A8FBC50002A62FF /* FirebaseAnalytics */ = {
			isa = XCSwiftPackageProductDependency;
			package = 219C1EA52A8FBC50002A62FF /* XCRemoteSwiftPackageReference "firebase-ios-sdk" */;
			productName = FirebaseAnalytics;
		};
		219C1EA82A8FBC50002A62FF /* FirebaseAuth */ = {
			isa = XCSwiftPackageProductDependency;
			package = 219C1EA52A8FBC50002A62FF /* XCRemoteSwiftPackageReference "firebase-ios-sdk" */;
			productName = FirebaseAuth;
		};
		219C1EAA2A8FBC50002A62FF /* FirebaseCrashlytics */ = {
			isa = XCSwiftPackageProductDependency;
			package = 219C1EA52A8FBC50002A62FF /* XCRemoteSwiftPackageReference "firebase-ios-sdk" */;
			productName = FirebaseCrashlytics;
		};
		219C1EAC2A8FBC50002A62FF /* FirebaseDatabase */ = {
			isa = XCSwiftPackageProductDependency;
			package = 219C1EA52A8FBC50002A62FF /* XCRemoteSwiftPackageReference "firebase-ios-sdk" */;
			productName = FirebaseDatabase;
		};
		219C1EAE2A8FBC50002A62FF /* FirebaseFirestore */ = {
			isa = XCSwiftPackageProductDependency;
			package = 219C1EA52A8FBC50002A62FF /* XCRemoteSwiftPackageReference "firebase-ios-sdk" */;
			productName = FirebaseFirestore;
		};
		219C1EB02A8FBC50002A62FF /* FirebaseInAppMessaging-Beta */ = {
			isa = XCSwiftPackageProductDependency;
			package = 219C1EA52A8FBC50002A62FF /* XCRemoteSwiftPackageReference "firebase-ios-sdk" */;
			productName = "FirebaseInAppMessaging-Beta";
		};
		219C1EB22A8FBC50002A62FF /* FirebaseRemoteConfig */ = {
			isa = XCSwiftPackageProductDependency;
			package = 219C1EA52A8FBC50002A62FF /* XCRemoteSwiftPackageReference "firebase-ios-sdk" */;
			productName = FirebaseRemoteConfig;
		};
		219C1EB42A8FBC50002A62FF /* FirebaseStorage */ = {
			isa = XCSwiftPackageProductDependency;
			package = 219C1EA52A8FBC50002A62FF /* XCRemoteSwiftPackageReference "firebase-ios-sdk" */;
			productName = FirebaseStorage;
		};
		219C1ED92A8FC18D002A62FF /* Lottie */ = {
			isa = XCSwiftPackageProductDependency;
			package = 219C1ED82A8FC18D002A62FF /* XCRemoteSwiftPackageReference "lottie-ios" */;
			productName = Lottie;
		};
/* End XCSwiftPackageProductDependency section */
	};
	rootObject = 219C1E512A8FB69D002A62FF /* Project object */;
}
